// !$*UTF8*$!
{
	archiveVersion = 1;
	classes = {
	};
	objectVersion = 56;
	objects = {

/* Begin PBXBuildFile section */
		A1000001 /* HeritageOnlineApp.swift in Sources */ = {isa = PBXBuildFile; fileRef = A2000001 /* HeritageOnlineApp.swift */; };
		A1000002 /* ContentView.swift in Sources */ = {isa = PBXBuildFile; fileRef = A2000002 /* ContentView.swift */; };
		A1000003 /* APIConfig.swift in Sources */ = {isa = PBXBuildFile; fileRef = A2000003 /* APIConfig.swift */; };
		A1000004 /* AppError.swift in Sources */ = {isa = PBXBuildFile; fileRef = A2000004 /* AppError.swift */; };
		A1000005 /* ThemeMode.swift in Sources */ = {isa = PBXBuildFile; fileRef = A2000005 /* ThemeMode.swift */; };
		A1000006 /* LanguageMode.swift in Sources */ = {isa = PBXBuildFile; fileRef = A2000006 /* LanguageMode.swift */; };
		A1000007 /* SettingsManager.swift in Sources */ = {isa = PBXBuildFile; fileRef = A2000007 /* SettingsManager.swift */; };
		A1000008 /* HeritageColors.swift in Sources */ = {isa = PBXBuildFile; fileRef = A2000008 /* HeritageColors.swift */; };
		A1000009 /* HeritageTypography.swift in Sources */ = {isa = PBXBuildFile; fileRef = A2000009 /* HeritageTypography.swift */; };
		A100000A /* HeritageShapes.swift in Sources */ = {isa = PBXBuildFile; fileRef = A200000A /* HeritageShapes.swift */; };
		A100000B /* Assets.xcassets in Resources */ = {isa = PBXBuildFile; fileRef = A200000B /* Assets.xcassets */; };
		A100000C /* en.lproj in Resources */ = {isa = PBXBuildFile; fileRef = A200000C /* en.lproj */; };
		A100000D /* zh-Hans.lproj in Resources */ = {isa = PBXBuildFile; fileRef = A200000D /* zh-Hans.lproj */; };
		A100000E /* HeritageOnlineTests.swift in Sources */ = {isa = PBXBuildFile; fileRef = A200000E /* HeritageOnlineTests.swift */; };
		A100000F /* HeritageOnlineUITests.swift in Sources */ = {isa = PBXBuildFile; fileRef = A200000F /* HeritageOnlineUITests.swift */; };
		A1000010 /* HeritageOnlineUITestsLaunchTests.swift in Sources */ = {isa = PBXBuildFile; fileRef = A2000010 /* HeritageOnlineUITestsLaunchTests.swift */; };
		B2000001 /* HeritageColorScheme.swift in Sources */ = {isa = PBXBuildFile; fileRef = B1000001 /* HeritageColorScheme.swift */; };
		B2000002 /* HeritageTheme.swift in Sources */ = {isa = PBXBuildFile; fileRef = B1000002 /* HeritageTheme.swift */; };
		B2000003 /* PageBackground.swift in Sources */ = {isa = PBXBuildFile; fileRef = B1000003 /* PageBackground.swift */; };
		B2000004 /* PageHeader.swift in Sources */ = {isa = PBXBuildFile; fileRef = B1000004 /* PageHeader.swift */; };
		B2000005 /* SectionHeader.swift in Sources */ = {isa = PBXBuildFile; fileRef = B1000005 /* SectionHeader.swift */; };
		B2000006 /* ContentCard.swift in Sources */ = {isa = PBXBuildFile; fileRef = B1000006 /* ContentCard.swift */; };
		B2000007 /* MetaChip.swift in Sources */ = {isa = PBXBuildFile; fileRef = B1000007 /* MetaChip.swift */; };
		B2000008 /* ImagePlaceholder.swift in Sources */ = {isa = PBXBuildFile; fileRef = B1000008 /* ImagePlaceholder.swift */; };
		B200000A /* ListCard.swift in Sources */ = {isa = PBXBuildFile; fileRef = B100000A /* ListCard.swift */; };
		B200000B /* FactCard.swift in Sources */ = {isa = PBXBuildFile; fileRef = B100000B /* FactCard.swift */; };
		B200000C /* ReferenceCard.swift in Sources */ = {isa = PBXBuildFile; fileRef = B100000C /* ReferenceCard.swift */; };
		B200000D /* SearchField.swift in Sources */ = {isa = PBXBuildFile; fileRef = B100000D /* SearchField.swift */; };
		B200000E /* FilterButton.swift in Sources */ = {isa = PBXBuildFile; fileRef = B100000E /* FilterButton.swift */; };
		B200000F /* ErrorRetryRow.swift in Sources */ = {isa = PBXBuildFile; fileRef = B100000F /* ErrorRetryRow.swift */; };
		B2000010 /* LoadingPlaceholder.swift in Sources */ = {isa = PBXBuildFile; fileRef = B1000010 /* LoadingPlaceholder.swift */; };
		B2000011 /* EmptyState.swift in Sources */ = {isa = PBXBuildFile; fileRef = B1000011 /* EmptyState.swift */; };
		B2000012 /* ThemePreviewView.swift in Sources */ = {isa = PBXBuildFile; fileRef = B1000012 /* ThemePreviewView.swift */; };
		B2000013 /* ComponentPreviewView.swift in Sources */ = {isa = PBXBuildFile; fileRef = B1000013 /* ComponentPreviewView.swift */; };
		B2000014 /* ContentLabels.swift in Sources */ = {isa = PBXBuildFile; fileRef = B1000014 /* ContentLabels.swift */; };
		B2000015 /* LabelPreviewView.swift in Sources */ = {isa = PBXBuildFile; fileRef = B1000015 /* LabelPreviewView.swift */; };
		B2000016 /* HeritageHTTPClient.swift in Sources */ = {isa = PBXBuildFile; fileRef = B1000016 /* HeritageHTTPClient.swift */; };
		B2000017 /* HeritageQueries.swift in Sources */ = {isa = PBXBuildFile; fileRef = B1000017 /* HeritageQueries.swift */; };
		B2000018 /* HeritageAPIClient.swift in Sources */ = {isa = PBXBuildFile; fileRef = B1000018 /* HeritageAPIClient.swift */; };
		B2000019 /* DefaultHeritageAPIClient.swift in Sources */ = {isa = PBXBuildFile; fileRef = B1000019 /* DefaultHeritageAPIClient.swift */; };
		B200001A /* NetworkTests.swift in Sources */ = {isa = PBXBuildFile; fileRef = B100001A /* NetworkTests.swift */; };
		B200001B /* CommonDtos.swift in Sources */ = {isa = PBXBuildFile; fileRef = B100001B /* CommonDtos.swift */; };
		B200001C /* ContentDtos.swift in Sources */ = {isa = PBXBuildFile; fileRef = B100001C /* ContentDtos.swift */; };
		B200001D /* DTOTests.swift in Sources */ = {isa = PBXBuildFile; fileRef = B100001D /* DTOTests.swift */; };
		B200001E /* HeritageRepository.swift in Sources */ = {isa = PBXBuildFile; fileRef = B100001E /* HeritageRepository.swift */; };
		B200001F /* DefaultHeritageRepository.swift in Sources */ = {isa = PBXBuildFile; fileRef = B100001F /* DefaultHeritageRepository.swift */; };
		B2000020 /* MockHeritageRepository.swift in Sources */ = {isa = PBXBuildFile; fileRef = B1000020 /* MockHeritageRepository.swift */; };
		B2000021 /* RepositoryTests.swift in Sources */ = {isa = PBXBuildFile; fileRef = B1000021 /* RepositoryTests.swift */; };
		B2000022 /* SettingsView.swift in Sources */ = {isa = PBXBuildFile; fileRef = B1000022 /* SettingsView.swift */; };
		B2000023 /* ImagePreviewUrl.swift in Sources */ = {isa = PBXBuildFile; fileRef = B1000023 /* ImagePreviewUrl.swift */; };
		B2000024 /* ImagePreviewOverlay.swift in Sources */ = {isa = PBXBuildFile; fileRef = B1000024 /* ImagePreviewOverlay.swift */; };
		B2000025 /* HeritageAsyncImage.swift in Sources */ = {isa = PBXBuildFile; fileRef = B1000025 /* HeritageAsyncImage.swift */; };
		B2000030 /* PagedResult.json in Resources */ = {isa = PBXBuildFile; fileRef = B1000030 /* PagedResult.json */; };
		B2000031 /* HomeFeed.json in Resources */ = {isa = PBXBuildFile; fileRef = B1000031 /* HomeFeed.json */; };
		B2000032 /* ArticleDetail.json in Resources */ = {isa = PBXBuildFile; fileRef = B1000032 /* ArticleDetail.json */; };
		B2000040 /* ArticlesViewModel.swift in Sources */ = {isa = PBXBuildFile; fileRef = B1000040 /* ArticlesViewModel.swift */; };
		B2000041 /* ArticlesView.swift in Sources */ = {isa = PBXBuildFile; fileRef = B1000041 /* ArticlesView.swift */; };
		B2000042 /* ArticleDetailViewModel.swift in Sources */ = {isa = PBXBuildFile; fileRef = B1000042 /* ArticleDetailViewModel.swift */; };
		B2000043 /* ArticleDetailView.swift in Sources */ = {isa = PBXBuildFile; fileRef = B1000043 /* ArticleDetailView.swift */; };
		B2000044 /* DirectoryViewModel.swift in Sources */ = {isa = PBXBuildFile; fileRef = B1000044 /* DirectoryViewModel.swift */; };
		B2000045 /* DirectoryView.swift in Sources */ = {isa = PBXBuildFile; fileRef = B1000045 /* DirectoryView.swift */; };
		B2000046 /* DirectoryStatisticsContentView.swift in Sources */ = {isa = PBXBuildFile; fileRef = B1000046 /* DirectoryStatisticsContentView.swift */; };
		B2000047 /* DirectoryDetailViewModel.swift in Sources */ = {isa = PBXBuildFile; fileRef = B1000047 /* DirectoryDetailViewModel.swift */; };
		B2000048 /* DirectoryDetailView.swift in Sources */ = {isa = PBXBuildFile; fileRef = B1000048 /* DirectoryDetailView.swift */; };
		B2000049 /* InheritorsViewModel.swift in Sources */ = {isa = PBXBuildFile; fileRef = B1000049 /* InheritorsViewModel.swift */; };
		B2000050 /* InheritorsView.swift in Sources */ = {isa = PBXBuildFile; fileRef = B1000050 /* InheritorsView.swift */; };
		B2000051 /* InheritorDetailViewModel.swift in Sources */ = {isa = PBXBuildFile; fileRef = B1000051 /* InheritorDetailViewModel.swift */; };
		B2000052 /* InheritorDetailView.swift in Sources */ = {isa = PBXBuildFile; fileRef = B1000052 /* InheritorDetailView.swift */; };
		B2000053 /* YearFilterValidator.swift in Sources */ = {isa = PBXBuildFile; fileRef = B1000053 /* YearFilterValidator.swift */; };
		B2000054 /* ExternalURLValidator.swift in Sources */ = {isa = PBXBuildFile; fileRef = B1000054 /* ExternalURLValidator.swift */; };
		B2000060 /* ArticlesViewModelTests.swift in Sources */ = {isa = PBXBuildFile; fileRef = B1000060 /* ArticlesViewModelTests.swift */; };
		B2000061 /* DirectoryViewModelTests.swift in Sources */ = {isa = PBXBuildFile; fileRef = B1000061 /* DirectoryViewModelTests.swift */; };
		B2000062 /* InheritorsViewModelTests.swift in Sources */ = {isa = PBXBuildFile; fileRef = B1000062 /* InheritorsViewModelTests.swift */; };
		B2000063 /* DetailViewModelTests.swift in Sources */ = {isa = PBXBuildFile; fileRef = B1000063 /* DetailViewModelTests.swift */; };
		B2000070 /* FlowLayout.swift in Sources */ = {isa = PBXBuildFile; fileRef = B1000070 /* FlowLayout.swift */; };
		B2000071 /* DetailContentBlockView.swift in Sources */ = {isa = PBXBuildFile; fileRef = B1000071 /* DetailContentBlockView.swift */; };
		B2000072 /* YearFilterValidatorTests.swift in Sources */ = {isa = PBXBuildFile; fileRef = B1000072 /* YearFilterValidatorTests.swift */; };
		B2000073 /* ExternalURLValidatorTests.swift in Sources */ = {isa = PBXBuildFile; fileRef = B1000073 /* ExternalURLValidatorTests.swift */; };
		B2000074 /* DirectoryReferenceCard.swift in Sources */ = {isa = PBXBuildFile; fileRef = B1000074 /* DirectoryReferenceCard.swift */; };
/* End PBXBuildFile section */

/* Begin PBXContainerItemProxy section */
		AA000001 /* PBXContainerItemProxy */ = {
			isa = PBXContainerItemProxy;
			containerPortal = A0000001 /* Project object */;
			proxyType = 1;
			remoteGlobalIDString = A6000001;
			remoteInfo = HeritageOnline;
		};
		AA000002 /* PBXContainerItemProxy */ = {
			isa = PBXContainerItemProxy;
			containerPortal = A0000001 /* Project object */;
			proxyType = 1;
			remoteGlobalIDString = A6000001;
			remoteInfo = HeritageOnline;
		};
/* End PBXContainerItemProxy section */

/* Begin PBXFileReference section */
		A2000001 /* HeritageOnlineApp.swift */ = {isa = PBXFileReference; lastKnownFileType = sourcecode.swift; path = HeritageOnlineApp.swift; sourceTree = "<group>"; };
		A2000002 /* ContentView.swift */ = {isa = PBXFileReference; lastKnownFileType = sourcecode.swift; path = ContentView.swift; sourceTree = "<group>"; };
		A2000003 /* APIConfig.swift */ = {isa = PBXFileReference; lastKnownFileType = sourcecode.swift; path = APIConfig.swift; sourceTree = "<group>"; };
		A2000004 /* AppError.swift */ = {isa = PBXFileReference; lastKnownFileType = sourcecode.swift; path = AppError.swift; sourceTree = "<group>"; };
		A2000005 /* ThemeMode.swift */ = {isa = PBXFileReference; lastKnownFileType = sourcecode.swift; path = ThemeMode.swift; sourceTree = "<group>"; };
		A2000006 /* LanguageMode.swift */ = {isa = PBXFileReference; lastKnownFileType = sourcecode.swift; path = LanguageMode.swift; sourceTree = "<group>"; };
		A2000007 /* SettingsManager.swift */ = {isa = PBXFileReference; lastKnownFileType = sourcecode.swift; path = SettingsManager.swift; sourceTree = "<group>"; };
		A2000008 /* HeritageColors.swift */ = {isa = PBXFileReference; lastKnownFileType = sourcecode.swift; path = HeritageColors.swift; sourceTree = "<group>"; };
		A2000009 /* HeritageTypography.swift */ = {isa = PBXFileReference; lastKnownFileType = sourcecode.swift; path = HeritageTypography.swift; sourceTree = "<group>"; };
		A200000A /* HeritageShapes.swift */ = {isa = PBXFileReference; lastKnownFileType = sourcecode.swift; path = HeritageShapes.swift; sourceTree = "<group>"; };
		A200000B /* Assets.xcassets */ = {isa = PBXFileReference; lastKnownFileType = folder.assetcatalog; path = Assets.xcassets; sourceTree = "<group>"; };
		A200000C /* en.lproj */ = {isa = PBXFileReference; lastKnownFileType = folder; path = en.lproj; sourceTree = "<group>"; };
		A200000D /* zh-Hans.lproj */ = {isa = PBXFileReference; lastKnownFileType = folder; path = "zh-Hans.lproj"; sourceTree = "<group>"; };
		A200000E /* HeritageOnlineTests.swift */ = {isa = PBXFileReference; lastKnownFileType = sourcecode.swift; path = HeritageOnlineTests.swift; sourceTree = "<group>"; };
		A200000F /* HeritageOnlineUITests.swift */ = {isa = PBXFileReference; lastKnownFileType = sourcecode.swift; path = HeritageOnlineUITests.swift; sourceTree = "<group>"; };
		A2000010 /* HeritageOnlineUITestsLaunchTests.swift */ = {isa = PBXFileReference; lastKnownFileType = sourcecode.swift; path = HeritageOnlineUITestsLaunchTests.swift; sourceTree = "<group>"; };
		A2000011 /* Info.plist */ = {isa = PBXFileReference; lastKnownFileType = text.plist.xml; path = Info.plist; sourceTree = "<group>"; };
		A2000012 /* Info-macOS.plist */ = {isa = PBXFileReference; lastKnownFileType = text.plist.xml; path = "Info-macOS.plist"; sourceTree = "<group>"; };
		A3000001 /* HeritageOnline.app */ = {isa = PBXFileReference; explicitFileType = wrapper.application; includeInIndex = 0; path = HeritageOnline.app; sourceTree = BUILT_PRODUCTS_DIR; };
		A3000002 /* HeritageOnlineTests.xctest */ = {isa = PBXFileReference; explicitFileType = wrapper.cfbundle; includeInIndex = 0; path = HeritageOnlineTests.xctest; sourceTree = BUILT_PRODUCTS_DIR; };
		A3000003 /* HeritageOnlineUITests.xctest */ = {isa = PBXFileReference; explicitFileType = wrapper.cfbundle; includeInIndex = 0; path = HeritageOnlineUITests.xctest; sourceTree = BUILT_PRODUCTS_DIR; };
		B1000001 /* HeritageColorScheme.swift */ = {isa = PBXFileReference; lastKnownFileType = sourcecode.swift; path = HeritageColorScheme.swift; sourceTree = "<group>"; };
		B1000002 /* HeritageTheme.swift */ = {isa = PBXFileReference; lastKnownFileType = sourcecode.swift; path = HeritageTheme.swift; sourceTree = "<group>"; };
		B1000003 /* PageBackground.swift */ = {isa = PBXFileReference; lastKnownFileType = sourcecode.swift; path = PageBackground.swift; sourceTree = "<group>"; };
		B1000004 /* PageHeader.swift */ = {isa = PBXFileReference; lastKnownFileType = sourcecode.swift; path = PageHeader.swift; sourceTree = "<group>"; };
		B1000005 /* SectionHeader.swift */ = {isa = PBXFileReference; lastKnownFileType = sourcecode.swift; path = SectionHeader.swift; sourceTree = "<group>"; };
		B1000006 /* ContentCard.swift */ = {isa = PBXFileReference; lastKnownFileType = sourcecode.swift; path = ContentCard.swift; sourceTree = "<group>"; };
		B1000007 /* MetaChip.swift */ = {isa = PBXFileReference; lastKnownFileType = sourcecode.swift; path = MetaChip.swift; sourceTree = "<group>"; };
		B1000008 /* ImagePlaceholder.swift */ = {isa = PBXFileReference; lastKnownFileType = sourcecode.swift; path = ImagePlaceholder.swift; sourceTree = "<group>"; };
		B100000A /* ListCard.swift */ = {isa = PBXFileReference; lastKnownFileType = sourcecode.swift; path = ListCard.swift; sourceTree = "<group>"; };
		B100000B /* FactCard.swift */ = {isa = PBXFileReference; lastKnownFileType = sourcecode.swift; path = FactCard.swift; sourceTree = "<group>"; };
		B100000C /* ReferenceCard.swift */ = {isa = PBXFileReference; lastKnownFileType = sourcecode.swift; path = ReferenceCard.swift; sourceTree = "<group>"; };
		B100000D /* SearchField.swift */ = {isa = PBXFileReference; lastKnownFileType = sourcecode.swift; path = SearchField.swift; sourceTree = "<group>"; };
		B100000E /* FilterButton.swift */ = {isa = PBXFileReference; lastKnownFileType = sourcecode.swift; path = FilterButton.swift; sourceTree = "<group>"; };
		B100000F /* ErrorRetryRow.swift */ = {isa = PBXFileReference; lastKnownFileType = sourcecode.swift; path = ErrorRetryRow.swift; sourceTree = "<group>"; };
		B1000010 /* LoadingPlaceholder.swift */ = {isa = PBXFileReference; lastKnownFileType = sourcecode.swift; path = LoadingPlaceholder.swift; sourceTree = "<group>"; };
		B1000011 /* EmptyState.swift */ = {isa = PBXFileReference; lastKnownFileType = sourcecode.swift; path = EmptyState.swift; sourceTree = "<group>"; };
		B1000012 /* ThemePreviewView.swift */ = {isa = PBXFileReference; lastKnownFileType = sourcecode.swift; path = ThemePreviewView.swift; sourceTree = "<group>"; };
		B1000013 /* ComponentPreviewView.swift */ = {isa = PBXFileReference; lastKnownFileType = sourcecode.swift; path = ComponentPreviewView.swift; sourceTree = "<group>"; };
		B1000014 /* ContentLabels.swift */ = {isa = PBXFileReference; lastKnownFileType = sourcecode.swift; path = ContentLabels.swift; sourceTree = "<group>"; };
		B1000015 /* LabelPreviewView.swift */ = {isa = PBXFileReference; lastKnownFileType = sourcecode.swift; path = LabelPreviewView.swift; sourceTree = "<group>"; };
		B1000016 /* HeritageHTTPClient.swift */ = {isa = PBXFileReference; lastKnownFileType = sourcecode.swift; path = HeritageHTTPClient.swift; sourceTree = "<group>"; };
		B1000017 /* HeritageQueries.swift */ = {isa = PBXFileReference; lastKnownFileType = sourcecode.swift; path = HeritageQueries.swift; sourceTree = "<group>"; };
		B1000018 /* HeritageAPIClient.swift */ = {isa = PBXFileReference; lastKnownFileType = sourcecode.swift; path = HeritageAPIClient.swift; sourceTree = "<group>"; };
		B1000019 /* DefaultHeritageAPIClient.swift */ = {isa = PBXFileReference; lastKnownFileType = sourcecode.swift; path = DefaultHeritageAPIClient.swift; sourceTree = "<group>"; };
		B100001A /* NetworkTests.swift */ = {isa = PBXFileReference; lastKnownFileType = sourcecode.swift; path = NetworkTests.swift; sourceTree = "<group>"; };
		B100001B /* CommonDtos.swift */ = {isa = PBXFileReference; lastKnownFileType = sourcecode.swift; path = CommonDtos.swift; sourceTree = "<group>"; };
		B100001C /* ContentDtos.swift */ = {isa = PBXFileReference; lastKnownFileType = sourcecode.swift; path = ContentDtos.swift; sourceTree = "<group>"; };
		B100001D /* DTOTests.swift */ = {isa = PBXFileReference; lastKnownFileType = sourcecode.swift; path = DTOTests.swift; sourceTree = "<group>"; };
		B100001E /* HeritageRepository.swift */ = {isa = PBXFileReference; lastKnownFileType = sourcecode.swift; path = HeritageRepository.swift; sourceTree = "<group>"; };
		B100001F /* DefaultHeritageRepository.swift */ = {isa = PBXFileReference; lastKnownFileType = sourcecode.swift; path = DefaultHeritageRepository.swift; sourceTree = "<group>"; };
		B1000020 /* MockHeritageRepository.swift */ = {isa = PBXFileReference; lastKnownFileType = sourcecode.swift; path = MockHeritageRepository.swift; sourceTree = "<group>"; };
		B1000021 /* RepositoryTests.swift */ = {isa = PBXFileReference; lastKnownFileType = sourcecode.swift; path = RepositoryTests.swift; sourceTree = "<group>"; };
		B1000022 /* SettingsView.swift */ = {isa = PBXFileReference; lastKnownFileType = sourcecode.swift; path = SettingsView.swift; sourceTree = "<group>"; };
		B1000023 /* ImagePreviewUrl.swift */ = {isa = PBXFileReference; lastKnownFileType = sourcecode.swift; path = ImagePreviewUrl.swift; sourceTree = "<group>"; };
		B1000024 /* ImagePreviewOverlay.swift */ = {isa = PBXFileReference; lastKnownFileType = sourcecode.swift; path = ImagePreviewOverlay.swift; sourceTree = "<group>"; };
		B1000025 /* HeritageAsyncImage.swift */ = {isa = PBXFileReference; lastKnownFileType = sourcecode.swift; path = HeritageAsyncImage.swift; sourceTree = "<group>"; };
		B1000030 /* PagedResult.json */ = {isa = PBXFileReference; lastKnownFileType = text.json; path = PagedResult.json; sourceTree = "<group>"; };
		B1000031 /* HomeFeed.json */ = {isa = PBXFileReference; lastKnownFileType = text.json; path = HomeFeed.json; sourceTree = "<group>"; };
		B1000032 /* ArticleDetail.json */ = {isa = PBXFileReference; lastKnownFileType = text.json; path = ArticleDetail.json; sourceTree = "<group>"; };
		B1000040 /* ArticlesViewModel.swift */ = {isa = PBXFileReference; lastKnownFileType = sourcecode.swift; path = ArticlesViewModel.swift; sourceTree = "<group>"; };
		B1000041 /* ArticlesView.swift */ = {isa = PBXFileReference; lastKnownFileType = sourcecode.swift; path = ArticlesView.swift; sourceTree = "<group>"; };
		B1000042 /* ArticleDetailViewModel.swift */ = {isa = PBXFileReference; lastKnownFileType = sourcecode.swift; path = ArticleDetailViewModel.swift; sourceTree = "<group>"; };
		B1000043 /* ArticleDetailView.swift */ = {isa = PBXFileReference; lastKnownFileType = sourcecode.swift; path = ArticleDetailView.swift; sourceTree = "<group>"; };
		B1000044 /* DirectoryViewModel.swift */ = {isa = PBXFileReference; lastKnownFileType = sourcecode.swift; path = DirectoryViewModel.swift; sourceTree = "<group>"; };
		B1000045 /* DirectoryView.swift */ = {isa = PBXFileReference; lastKnownFileType = sourcecode.swift; path = DirectoryView.swift; sourceTree = "<group>"; };
		B1000046 /* DirectoryStatisticsContentView.swift */ = {isa = PBXFileReference; lastKnownFileType = sourcecode.swift; path = DirectoryStatisticsContentView.swift; sourceTree = "<group>"; };
		B1000047 /* DirectoryDetailViewModel.swift */ = {isa = PBXFileReference; lastKnownFileType = sourcecode.swift; path = DirectoryDetailViewModel.swift; sourceTree = "<group>"; };
		B1000048 /* DirectoryDetailView.swift */ = {isa = PBXFileReference; lastKnownFileType = sourcecode.swift; path = DirectoryDetailView.swift; sourceTree = "<group>"; };
		B1000049 /* InheritorsViewModel.swift */ = {isa = PBXFileReference; lastKnownFileType = sourcecode.swift; path = InheritorsViewModel.swift; sourceTree = "<group>"; };
		B1000050 /* InheritorsView.swift */ = {isa = PBXFileReference; lastKnownFileType = sourcecode.swift; path = InheritorsView.swift; sourceTree = "<group>"; };
		B1000051 /* InheritorDetailViewModel.swift */ = {isa = PBXFileReference; lastKnownFileType = sourcecode.swift; path = InheritorDetailViewModel.swift; sourceTree = "<group>"; };
		B1000052 /* InheritorDetailView.swift */ = {isa = PBXFileReference; lastKnownFileType = sourcecode.swift; path = InheritorDetailView.swift; sourceTree = "<group>"; };
		B1000053 /* YearFilterValidator.swift */ = {isa = PBXFileReference; lastKnownFileType = sourcecode.swift; path = YearFilterValidator.swift; sourceTree = "<group>"; };
		B1000054 /* ExternalURLValidator.swift */ = {isa = PBXFileReference; lastKnownFileType = sourcecode.swift; path = ExternalURLValidator.swift; sourceTree = "<group>"; };
		B1000060 /* ArticlesViewModelTests.swift */ = {isa = PBXFileReference; lastKnownFileType = sourcecode.swift; path = ArticlesViewModelTests.swift; sourceTree = "<group>"; };
		B1000061 /* DirectoryViewModelTests.swift */ = {isa = PBXFileReference; lastKnownFileType = sourcecode.swift; path = DirectoryViewModelTests.swift; sourceTree = "<group>"; };
		B1000062 /* InheritorsViewModelTests.swift */ = {isa = PBXFileReference; lastKnownFileType = sourcecode.swift; path = InheritorsViewModelTests.swift; sourceTree = "<group>"; };
		B1000063 /* DetailViewModelTests.swift */ = {isa = PBXFileReference; lastKnownFileType = sourcecode.swift; path = DetailViewModelTests.swift; sourceTree = "<group>"; };
		B1000070 /* FlowLayout.swift */ = {isa = PBXFileReference; lastKnownFileType = sourcecode.swift; path = FlowLayout.swift; sourceTree = "<group>"; };
		B1000071 /* DetailContentBlockView.swift */ = {isa = PBXFileReference; lastKnownFileType = sourcecode.swift; path = DetailContentBlockView.swift; sourceTree = "<group>"; };
		B1000072 /* YearFilterValidatorTests.swift */ = {isa = PBXFileReference; lastKnownFileType = sourcecode.swift; path = YearFilterValidatorTests.swift; sourceTree = "<group>"; };
		B1000073 /* ExternalURLValidatorTests.swift */ = {isa = PBXFileReference; lastKnownFileType = sourcecode.swift; path = ExternalURLValidatorTests.swift; sourceTree = "<group>"; };
		B1000074 /* DirectoryReferenceCard.swift */ = {isa = PBXFileReference; lastKnownFileType = sourcecode.swift; path = DirectoryReferenceCard.swift; sourceTree = "<group>"; };
/* End PBXFileReference section */

/* Begin PBXFrameworksBuildPhase section */
		A4000001 /* Frameworks */ = {
			isa = PBXFrameworksBuildPhase;
			buildActionMask = 2147483647;
			files = (
			);
			runOnlyForDeploymentPostprocessing = 0;
		};
		A4000002 /* Frameworks */ = {
			isa = PBXFrameworksBuildPhase;
			buildActionMask = 2147483647;
			files = (
			);
			runOnlyForDeploymentPostprocessing = 0;
		};
		A4000003 /* Frameworks */ = {
			isa = PBXFrameworksBuildPhase;
			buildActionMask = 2147483647;
			files = (
			);
			runOnlyForDeploymentPostprocessing = 0;
		};
/* End PBXFrameworksBuildPhase section */

/* Begin PBXGroup section */
		A5000001 = {
			isa = PBXGroup;
			children = (
				A5000002 /* HeritageOnline */,
				A5000003 /* HeritageOnlineTests */,
				A5000004 /* HeritageOnlineUITests */,
				A5000005 /* Products */,
			);
			sourceTree = "<group>";
		};
		A5000002 /* HeritageOnline */ = {
			isa = PBXGroup;
			children = (
				A2000001 /* HeritageOnlineApp.swift */,
				A2000002 /* ContentView.swift */,
				A5000006 /* Core */,
				A5000007 /* Features */,
				A5000008 /* UI */,
				A5000009 /* Resources */,
			);
			path = HeritageOnline;
			sourceTree = "<group>";
		};
		A5000003 /* HeritageOnlineTests */ = {
			isa = PBXGroup;
			children = (
				A200000E /* HeritageOnlineTests.swift */,
				B100001A /* NetworkTests.swift */,
				B100001D /* DTOTests.swift */,
				B1000020 /* MockHeritageRepository.swift */,
				B1000021 /* RepositoryTests.swift */,
				B1000060 /* ArticlesViewModelTests.swift */,
				B1000061 /* DirectoryViewModelTests.swift */,
				B1000062 /* InheritorsViewModelTests.swift */,
				B1000063 /* DetailViewModelTests.swift */,
				B3000030 /* Fixtures */,				B1000072 /* YearFilterValidatorTests.swift */,
				B1000073 /* ExternalURLValidatorTests.swift */,

			);
			path = HeritageOnlineTests;
			sourceTree = "<group>";
		};
		B3000030 /* Fixtures */ = {
			isa = PBXGroup;
			children = (
				B1000030 /* PagedResult.json */,
				B1000031 /* HomeFeed.json */,
				B1000032 /* ArticleDetail.json */,
			);
			path = Fixtures;
			sourceTree = "<group>";
		};
		A5000004 /* HeritageOnlineUITests */ = {
			isa = PBXGroup;
			children = (
				A200000F /* HeritageOnlineUITests.swift */,
				A2000010 /* HeritageOnlineUITestsLaunchTests.swift */,
			);
			path = HeritageOnlineUITests;
			sourceTree = "<group>";
		};
		A5000005 /* Products */ = {
			isa = PBXGroup;
			children = (
				A3000001 /* HeritageOnline.app */,
				A3000002 /* HeritageOnlineTests.xctest */,
				A3000003 /* HeritageOnlineUITests.xctest */,
			);
			name = Products;
			sourceTree = "<group>";
		};
		A5000006 /* Core */ = {
			isa = PBXGroup;
			children = (
				B1000053 /* YearFilterValidator.swift */,
				B1000054 /* ExternalURLValidator.swift */,
				A500000A /* Network */,
				A500000B /* Data */,
				A500000C /* Saved */,
				A500000D /* Settings */,
				A500000E /* Image */,
			);
			path = Core;
			sourceTree = "<group>";
		};
		A5000007 /* Features */ = {
			isa = PBXGroup;
			children = (
				A500000F /* Articles */,
				A5000010 /* Directory */,
				A5000011 /* Inheritors */,
				A5000012 /* Discovery */,
				A5000013 /* Search */,
				A5000014 /* My */,
				A5000015 /* Settings */,
			);
			path = Features;
			sourceTree = "<group>";
		};
		A5000008 /* UI */ = {
			isa = PBXGroup;
			children = (
				A5000016 /* Theme */,
				A5000017 /* Components */,
				A5000018 /* Error */,
				A5000019 /* Text */,
				B3000002 /* Preview */,
			);
			path = UI;
			sourceTree = "<group>";
		};
		B3000002 /* Preview */ = {
			isa = PBXGroup;
			children = (
				B1000023 /* ImagePreviewUrl.swift */,
				B1000024 /* ImagePreviewOverlay.swift */,
			);
			path = Preview;
			sourceTree = "<group>";
		};
		A5000009 /* Resources */ = {
			isa = PBXGroup;
			children = (
				A200000B /* Assets.xcassets */,
				A500001A /* Localization */,
				A2000011 /* Info.plist */,
				A2000012 /* Info-macOS.plist */,
			);
			path = Resources;
			sourceTree = "<group>";
		};
		A500000A /* Network */ = {
			isa = PBXGroup;
			children = (
				A2000003 /* APIConfig.swift */,
				B1000016 /* HeritageHTTPClient.swift */,
				B1000017 /* HeritageQueries.swift */,
				B1000018 /* HeritageAPIClient.swift */,
				B1000019 /* DefaultHeritageAPIClient.swift */,
				B3000001 /* DTOs */,
			);
			path = Network;
			sourceTree = "<group>";
		};
		B3000001 /* DTOs */ = {
			isa = PBXGroup;
			children = (
				B100001B /* CommonDtos.swift */,
				B100001C /* ContentDtos.swift */,
			);
			path = DTOs;
			sourceTree = "<group>";
		};
		A500000B /* Data */ = {
			isa = PBXGroup;
			children = (
				B100001E /* HeritageRepository.swift */,
				B100001F /* DefaultHeritageRepository.swift */,
			);
			path = Data;
			sourceTree = "<group>";
		};
		A500000C /* Saved */ = {
			isa = PBXGroup;
			children = (
			);
			path = Saved;
			sourceTree = "<group>";
		};
		A500000D /* Settings */ = {
			isa = PBXGroup;
			children = (
				A2000005 /* ThemeMode.swift */,
				A2000006 /* LanguageMode.swift */,
				A2000007 /* SettingsManager.swift */,
			);
			path = Settings;
			sourceTree = "<group>";
		};
		A500000E /* Image */ = {
			isa = PBXGroup;
			children = (
			);
			path = Image;
			sourceTree = "<group>";
		};
		A500000F /* Articles */ = {
			isa = PBXGroup;
			children = (
				B1000040 /* ArticlesViewModel.swift */,
				B1000041 /* ArticlesView.swift */,
				B1000042 /* ArticleDetailViewModel.swift */,
				B1000043 /* ArticleDetailView.swift */,
			);
			path = Articles;
			sourceTree = "<group>";
		};
		A5000010 /* Directory */ = {
			isa = PBXGroup;
			children = (
				B1000044 /* DirectoryViewModel.swift */,
				B1000045 /* DirectoryView.swift */,
				B1000046 /* DirectoryStatisticsContentView.swift */,
				B1000047 /* DirectoryDetailViewModel.swift */,
				B1000048 /* DirectoryDetailView.swift */,
			);
			path = Directory;
			sourceTree = "<group>";
		};
		A5000011 /* Inheritors */ = {
			isa = PBXGroup;
			children = (
				B1000049 /* InheritorsViewModel.swift */,
				B1000050 /* InheritorsView.swift */,
				B1000051 /* InheritorDetailViewModel.swift */,
				B1000052 /* InheritorDetailView.swift */,
			);
			path = Inheritors;
			sourceTree = "<group>";
		};
		A5000012 /* Discovery */ = {
			isa = PBXGroup;
			children = (
			);
			path = Discovery;
			sourceTree = "<group>";
		};
		A5000013 /* Search */ = {
			isa = PBXGroup;
			children = (
			);
			path = Search;
			sourceTree = "<group>";
		};
		A5000014 /* My */ = {
			isa = PBXGroup;
			children = (
			);
			path = My;
			sourceTree = "<group>";
		};
		A5000015 /* Settings */ = {
			isa = PBXGroup;
			children = (
				B1000012 /* ThemePreviewView.swift */,
				B1000013 /* ComponentPreviewView.swift */,
				B1000015 /* LabelPreviewView.swift */,
				B1000022 /* SettingsView.swift */,
			);
			path = Settings;
			sourceTree = "<group>";
		};
		A5000016 /* Theme */ = {
			isa = PBXGroup;
			children = (
				A2000008 /* HeritageColors.swift */,
				A2000009 /* HeritageTypography.swift */,
				A200000A /* HeritageShapes.swift */,
				B1000001 /* HeritageColorScheme.swift */,
				B1000002 /* HeritageTheme.swift */,
			);
			path = Theme;
			sourceTree = "<group>";
		};
		A5000017 /* Components */ = {
			isa = PBXGroup;
			children = (
				B1000003 /* PageBackground.swift */,
				B1000004 /* PageHeader.swift */,
				B1000005 /* SectionHeader.swift */,
				B1000006 /* ContentCard.swift */,
				B1000007 /* MetaChip.swift */,
				B1000008 /* ImagePlaceholder.swift */,
				B100000A /* ListCard.swift */,
				B100000B /* FactCard.swift */,
				B100000C /* ReferenceCard.swift */,
				B100000D /* SearchField.swift */,
				B100000E /* FilterButton.swift */,
				B100000F /* ErrorRetryRow.swift */,
				B1000010 /* LoadingPlaceholder.swift */,
				B1000011 /* EmptyState.swift */,
				B1000025 /* HeritageAsyncImage.swift */,				B1000070 /* FlowLayout.swift */,
				B1000071 /* DetailContentBlockView.swift */,
				B1000074 /* DirectoryReferenceCard.swift */,

			);
			path = Components;
			sourceTree = "<group>";
		};
		A5000018 /* Error */ = {
			isa = PBXGroup;
			children = (
				A2000004 /* AppError.swift */,
			);
			path = Error;
			sourceTree = "<group>";
		};
		A5000019 /* Text */ = {
			isa = PBXGroup;
			children = (
				B1000014 /* ContentLabels.swift */,
			);
			path = Text;
			sourceTree = "<group>";
		};
		A500001A /* Localization */ = {
			isa = PBXGroup;
			children = (
				A200000C /* en.lproj */,
				A200000D /* zh-Hans.lproj */,
			);
			path = Localization;
			sourceTree = "<group>";
		};
/* End PBXGroup section */

/* Begin PBXNativeTarget section */
		A6000001 /* HeritageOnline */ = {
			isa = PBXNativeTarget;
			buildConfigurationList = A8000001 /* Build configuration list for PBXNativeTarget "HeritageOnline" */;
			buildPhases = (
				A7000001 /* Sources */,
				A4000001 /* Frameworks */,
				A7000002 /* Resources */,
			);
			buildRules = (
			);
			dependencies = (
			);
			name = HeritageOnline;
			productName = HeritageOnline;
			productReference = A3000001 /* HeritageOnline.app */;
			productType = "com.apple.product-type.application";
		};
		A6000002 /* HeritageOnlineTests */ = {
			isa = PBXNativeTarget;
			buildConfigurationList = A8000002 /* Build configuration list for PBXNativeTarget "HeritageOnlineTests" */;
			buildPhases = (
				A7000003 /* Sources */,
				A4000002 /* Frameworks */,
				A7000005 /* Resources */,
			);
			buildRules = (
			);
			dependencies = (
				A9000001 /* PBXTargetDependency */,
			);
			name = HeritageOnlineTests;
			productName = HeritageOnlineTests;
			productReference = A3000002 /* HeritageOnlineTests.xctest */;
			productType = "com.apple.product-type.bundle.unit-test";
		};
		A6000003 /* HeritageOnlineUITests */ = {
			isa = PBXNativeTarget;
			buildConfigurationList = A8000003 /* Build configuration list for PBXNativeTarget "HeritageOnlineUITests" */;
			buildPhases = (
				A7000004 /* Sources */,
				A4000003 /* Frameworks */,
			);
			buildRules = (
			);
			dependencies = (
				A9000002 /* PBXTargetDependency */,
			);
			name = HeritageOnlineUITests;
			productName = HeritageOnlineUITests;
			productReference = A3000003 /* HeritageOnlineUITests.xctest */;
			productType = "com.apple.product-type.bundle.ui-testing";
		};
/* End PBXNativeTarget section */

/* Begin PBXProject section */
		A0000001 /* Project object */ = {
			isa = PBXProject;
			attributes = {
				BuildIndependentTargetsInParallel = 1;
				LastSwiftUpdateCheck = 1540;
				LastUpgradeCheck = 1540;
				TargetAttributes = {
					A6000001 = {
						CreatedOnToolsVersion = 15.4;
					};
					A6000002 = {
						CreatedOnToolsVersion = 15.4;
						TestTargetID = A6000001;
					};
					A6000003 = {
						CreatedOnToolsVersion = 15.4;
						TestTargetID = A6000001;
					};
				};
			};
			buildConfigurationList = A8000004 /* Build configuration list for PBXProject "HeritageOnline" */;
			compatibilityVersion = "Xcode 14.0";
			developmentRegion = "zh-Hans";
			hasScannedForEncodings = 0;
			knownRegions = (
				en,
				"zh-Hans",
				Base,
			);
			mainGroup = A5000001;
			productRefGroup = A5000005 /* Products */;
			projectDirPath = "";
			projectRoot = "";
			targets = (
				A6000001 /* HeritageOnline */,
				A6000002 /* HeritageOnlineTests */,
				A6000003 /* HeritageOnlineUITests */,
			);
		};
/* End PBXProject section */

/* Begin PBXResourcesBuildPhase section */
		A7000002 /* Resources */ = {
			isa = PBXResourcesBuildPhase;
			buildActionMask = 2147483647;
				files = (
					A100000B /* Assets.xcassets in Resources */,
					A100000C /* en.lproj in Resources */,
					A100000D /* zh-Hans.lproj in Resources */,
				);
				runOnlyForDeploymentPostprocessing = 0;
			};
		A7000005 /* Resources */ = {
			isa = PBXResourcesBuildPhase;
			buildActionMask = 2147483647;
			files = (
				B2000030 /* PagedResult.json in Resources */,
				B2000031 /* HomeFeed.json in Resources */,
				B2000032 /* ArticleDetail.json in Resources */,
			);
			runOnlyForDeploymentPostprocessing = 0;
		};
/* End PBXResourcesBuildPhase section */

/* Begin PBXSourcesBuildPhase section */
		A7000001 /* Sources */ = {
			isa = PBXSourcesBuildPhase;
			buildActionMask = 2147483647;
			files = (
				A1000001 /* HeritageOnlineApp.swift in Sources */,
				A1000002 /* ContentView.swift in Sources */,
				A1000003 /* APIConfig.swift in Sources */,
				A1000004 /* AppError.swift in Sources */,
				A1000005 /* ThemeMode.swift in Sources */,
				A1000006 /* LanguageMode.swift in Sources */,
				A1000007 /* SettingsManager.swift in Sources */,
				A1000008 /* HeritageColors.swift in Sources */,
				A1000009 /* HeritageTypography.swift in Sources */,
				A100000A /* HeritageShapes.swift in Sources */,
				B2000001 /* HeritageColorScheme.swift in Sources */,
				B2000002 /* HeritageTheme.swift in Sources */,
				B2000003 /* PageBackground.swift in Sources */,
				B2000004 /* PageHeader.swift in Sources */,
				B2000005 /* SectionHeader.swift in Sources */,
				B2000006 /* ContentCard.swift in Sources */,
				B2000007 /* MetaChip.swift in Sources */,
				B2000008 /* ImagePlaceholder.swift in Sources */,
				B200000A /* ListCard.swift in Sources */,
				B200000B /* FactCard.swift in Sources */,
				B200000C /* ReferenceCard.swift in Sources */,
				B200000D /* SearchField.swift in Sources */,
				B200000E /* FilterButton.swift in Sources */,
				B200000F /* ErrorRetryRow.swift in Sources */,
				B2000010 /* LoadingPlaceholder.swift in Sources */,
				B2000011 /* EmptyState.swift in Sources */,
				B2000012 /* ThemePreviewView.swift in Sources */,
				B2000013 /* ComponentPreviewView.swift in Sources */,
				B2000014 /* ContentLabels.swift in Sources */,
				B2000015 /* LabelPreviewView.swift in Sources */,
				B2000016 /* HeritageHTTPClient.swift in Sources */,
				B2000017 /* HeritageQueries.swift in Sources */,
				B2000018 /* HeritageAPIClient.swift in Sources */,
				B2000019 /* DefaultHeritageAPIClient.swift in Sources */,
				B200001B /* CommonDtos.swift in Sources */,
				B200001C /* ContentDtos.swift in Sources */,
				B200001E /* HeritageRepository.swift in Sources */,
				B200001F /* DefaultHeritageRepository.swift in Sources */,
				B2000022 /* SettingsView.swift in Sources */,
				B2000023 /* ImagePreviewUrl.swift in Sources */,
				B2000024 /* ImagePreviewOverlay.swift in Sources */,
				B2000025 /* HeritageAsyncImage.swift in Sources */,
				B2000040 /* ArticlesViewModel.swift in Sources */,
				B2000041 /* ArticlesView.swift in Sources */,
				B2000042 /* ArticleDetailViewModel.swift in Sources */,
				B2000043 /* ArticleDetailView.swift in Sources */,
				B2000044 /* DirectoryViewModel.swift in Sources */,
				B2000045 /* DirectoryView.swift in Sources */,
				B2000046 /* DirectoryStatisticsContentView.swift in Sources */,
				B2000047 /* DirectoryDetailViewModel.swift in Sources */,
				B2000048 /* DirectoryDetailView.swift in Sources */,
				B2000049 /* InheritorsViewModel.swift in Sources */,
				B2000050 /* InheritorsView.swift in Sources */,
				B2000051 /* InheritorDetailViewModel.swift in Sources */,
				B2000052 /* InheritorDetailView.swift in Sources */,
				B2000053 /* YearFilterValidator.swift in Sources */,
				B2000054 /* ExternalURLValidator.swift in Sources */,
				B2000070 /* FlowLayout.swift in Sources */,
				B2000071 /* DetailContentBlockView.swift in Sources */,
				B2000074 /* DirectoryReferenceCard.swift in Sources */,
			);
			runOnlyForDeploymentPostprocessing = 0;
		};
		A7000003 /* Sources */ = {
			isa = PBXSourcesBuildPhase;
			buildActionMask = 2147483647;
			files = (
				A100000E /* HeritageOnlineTests.swift in Sources */,
				B200001A /* NetworkTests.swift in Sources */,
				B200001D /* DTOTests.swift in Sources */,
				B2000020 /* MockHeritageRepository.swift in Sources */,
				B2000021 /* RepositoryTests.swift in Sources */,
				B2000060 /* ArticlesViewModelTests.swift in Sources */,
				B2000061 /* DirectoryViewModelTests.swift in Sources */,
				B2000062 /* InheritorsViewModelTests.swift in Sources */,
				B2000063 /* DetailViewModelTests.swift in Sources */,
				B2000072 /* YearFilterValidatorTests.swift in Sources */,
				B2000073 /* ExternalURLValidatorTests.swift in Sources */,
			);
			runOnlyForDeploymentPostprocessing = 0;
		};
		A7000004 /* Sources */ = {
			isa = PBXSourcesBuildPhase;
			buildActionMask = 2147483647;
			files = (
				A100000F /* HeritageOnlineUITests.swift in Sources */,
				A1000010 /* HeritageOnlineUITestsLaunchTests.swift in Sources */,
			);
			runOnlyForDeploymentPostprocessing = 0;
		};
/* End PBXSourcesBuildPhase section */

/* Begin PBXTargetDependency section */
		A9000001 /* PBXTargetDependency */ = {
			isa = PBXTargetDependency;
			target = A6000001 /* HeritageOnline */;
			targetProxy = AA000001 /* PBXContainerItemProxy */;
		};
		A9000002 /* PBXTargetDependency */ = {
			isa = PBXTargetDependency;
			target = A6000001 /* HeritageOnline */;
			targetProxy = AA000002 /* PBXContainerItemProxy */;
		};
/* End PBXTargetDependency section */

/* Begin XCBuildConfiguration section */
		AB000001 /* Debug */ = {
			isa = XCBuildConfiguration;
			buildSettings = {
				ALWAYS_SEARCH_USER_PATHS = NO;
				ASSETCATALOG_COMPILER_GENERATE_SWIFT_ASSET_SYMBOL_EXTENSIONS = YES;
				CLANG_ANALYZER_NONNULL = YES;
				CLANG_ANALYZER_NUMBER_OBJECT_CONVERSION = YES_AGGRESSIVE;
				CLANG_CXX_LANGUAGE_STANDARD = "gnu++20";
				CLANG_ENABLE_MODULES = YES;
				CLANG_ENABLE_OBJC_ARC = YES;
				CLANG_ENABLE_OBJC_WEAK = YES;
				CLANG_WARN_BLOCK_CAPTURE_AUTORELEASING = YES;
				CLANG_WARN_BOOL_CONVERSION = YES;
				CLANG_WARN_COMMA = YES;
				CLANG_WARN_CONSTANT_CONVERSION = YES;
				CLANG_WARN_DEPRECATED_OBJC_IMPLEMENTATIONS = YES;
				CLANG_WARN_DIRECT_OBJC_ISA_USAGE = YES_ERROR;
				CLANG_WARN_DOCUMENTATION_COMMENTS = YES;
				CLANG_WARN_EMPTY_BODY = YES;
				CLANG_WARN_ENUM_CONVERSION = YES;
				CLANG_WARN_INFINITE_RECURSION = YES;
				CLANG_WARN_INT_CONVERSION = YES;
				CLANG_WARN_NON_LITERAL_NULL_CONVERSION = YES;
				CLANG_WARN_OBJC_IMPLICIT_RETAIN_SELF = YES;
				CLANG_WARN_OBJC_LITERAL_CONVERSION = YES;
				CLANG_WARN_OBJC_ROOT_CLASS = YES_ERROR;
				CLANG_WARN_QUOTED_INCLUDE_IN_FRAMEWORK_HEADER = YES;
				CLANG_WARN_RANGE_LOOP_ANALYSIS = YES;
				CLANG_WARN_STRICT_PROTOTYPES = YES;
				CLANG_WARN_SUSPICIOUS_MOVE = YES;
				CLANG_WARN_UNGUARDED_AVAILABILITY = YES_AGGRESSIVE;
				CLANG_WARN_UNREACHABLE_CODE = YES;
				CLANG_WARN__DUPLICATE_METHOD_MATCH = YES;
				COPY_PHASE_STRIP = NO;
				DEBUG_INFORMATION_FORMAT = dwarf;
				ENABLE_STRICT_OBJC_MSGSEND = YES;
				ENABLE_TESTABILITY = YES;
				ENABLE_USER_SCRIPT_SANDBOXING = YES;
				GCC_C_LANGUAGE_STANDARD = gnu17;
				GCC_DYNAMIC_NO_PIC = NO;
				GCC_NO_COMMON_BLOCKS = YES;
				GCC_OPTIMIZATION_LEVEL = 0;
				GCC_PREPROCESSOR_DEFINITIONS = (
					"DEBUG=1",
					"$(inherited)",
				);
				GCC_WARN_64_TO_32_BIT_CONVERSION = YES;
				GCC_WARN_ABOUT_RETURN_TYPE = YES_ERROR;
				GCC_WARN_UNDECLARED_SELECTOR = YES;
				GCC_WARN_UNINITIALIZED_AUTOS = YES_AGGRESSIVE;
				GCC_WARN_UNUSED_FUNCTION = YES;
				GCC_WARN_UNUSED_VARIABLE = YES;
				IPHONEOS_DEPLOYMENT_TARGET = 17.0;
				LOCALIZATION_PREFERS_STRING_CATALOGS = YES;
				MTL_ENABLE_DEBUG_INFO = INCLUDE_SOURCE;
				MTL_FAST_MATH = YES;
				ONLY_ACTIVE_ARCH = YES;
				SDKROOT = iphoneos;
				SWIFT_ACTIVE_COMPILATION_CONDITIONS = "DEBUG $(inherited)";
				SWIFT_OPTIMIZATION_LEVEL = "-Onone";
				SWIFT_VERSION = 5.0;
			};
			name = Debug;
		};
		AB000002 /* Release */ = {
			isa = XCBuildConfiguration;
			buildSettings = {
				ALWAYS_SEARCH_USER_PATHS = NO;
				ASSETCATALOG_COMPILER_GENERATE_SWIFT_ASSET_SYMBOL_EXTENSIONS = YES;
				CLANG_ANALYZER_NONNULL = YES;
				CLANG_ANALYZER_NUMBER_OBJECT_CONVERSION = YES_AGGRESSIVE;
				CLANG_CXX_LANGUAGE_STANDARD = "gnu++20";
				CLANG_ENABLE_MODULES = YES;
				CLANG_ENABLE_OBJC_ARC = YES;
				CLANG_ENABLE_OBJC_WEAK = YES;
				CLANG_WARN_BLOCK_CAPTURE_AUTORELEASING = YES;
				CLANG_WARN_BOOL_CONVERSION = YES;
				CLANG_WARN_COMMA = YES;
				CLANG_WARN_CONSTANT_CONVERSION = YES;
				CLANG_WARN_DEPRECATED_OBJC_IMPLEMENTATIONS = YES;
				CLANG_WARN_DIRECT_OBJC_ISA_USAGE = YES_ERROR;
				CLANG_WARN_DOCUMENTATION_COMMENTS = YES;
				CLANG_WARN_EMPTY_BODY = YES;
				CLANG_WARN_ENUM_CONVERSION = YES;
				CLANG_WARN_INFINITE_RECURSION = YES;
				CLANG_WARN_INT_CONVERSION = YES;
				CLANG_WARN_NON_LITERAL_NULL_CONVERSION = YES;
				CLANG_WARN_OBJC_IMPLICIT_RETAIN_SELF = YES;
				CLANG_WARN_OBJC_LITERAL_CONVERSION = YES;
				CLANG_WARN_OBJC_ROOT_CLASS = YES_ERROR;
				CLANG_WARN_QUOTED_INCLUDE_IN_FRAMEWORK_HEADER = YES;
				CLANG_WARN_RANGE_LOOP_ANALYSIS = YES;
				CLANG_WARN_STRICT_PROTOTYPES = YES;
				CLANG_WARN_SUSPICIOUS_MOVE = YES;
				CLANG_WARN_UNGUARDED_AVAILABILITY = YES_AGGRESSIVE;
				CLANG_WARN_UNREACHABLE_CODE = YES;
				CLANG_WARN__DUPLICATE_METHOD_MATCH = YES;
				COPY_PHASE_STRIP = NO;
				DEBUG_INFORMATION_FORMAT = "dwarf-with-dsym";
				ENABLE_NS_ASSERTIONS = NO;
				ENABLE_STRICT_OBJC_MSGSEND = YES;
				ENABLE_USER_SCRIPT_SANDBOXING = YES;
				GCC_C_LANGUAGE_STANDARD = gnu17;
				GCC_NO_COMMON_BLOCKS = YES;
				GCC_WARN_64_TO_32_BIT_CONVERSION = YES;
				GCC_WARN_ABOUT_RETURN_TYPE = YES_ERROR;
				GCC_WARN_UNDECLARED_SELECTOR = YES;
				GCC_WARN_UNINITIALIZED_AUTOS = YES_AGGRESSIVE;
				GCC_WARN_UNUSED_FUNCTION = YES;
				GCC_WARN_UNUSED_VARIABLE = YES;
				IPHONEOS_DEPLOYMENT_TARGET = 17.0;
				LOCALIZATION_PREFERS_STRING_CATALOGS = YES;
				MTL_ENABLE_DEBUG_INFO = NO;
				MTL_FAST_MATH = YES;
				SDKROOT = iphoneos;
				SWIFT_COMPILATION_MODE = wholemodule;
				SWIFT_VERSION = 5.0;
				VALIDATE_PRODUCT = YES;
			};
			name = Release;
		};
		AB000003 /* Debug */ = {
			isa = XCBuildConfiguration;
			buildSettings = {
				ASSETCATALOG_COMPILER_APPICON_NAME = AppIcon;
				ASSETCATALOG_COMPILER_GLOBAL_ACCENT_COLOR_NAME = AccentColor;
				CODE_SIGN_ENTITLEMENTS = HeritageOnline/HeritageOnline.entitlements;
				CODE_SIGN_STYLE = Automatic;
				CURRENT_PROJECT_VERSION = 1;
				DEVELOPMENT_ASSET_PATHS = "";
				DEVELOPMENT_TEAM = YNQ45Z475P;
				ENABLE_PREVIEWS = YES;
				GENERATE_INFOPLIST_FILE = NO;
				INFOPLIST_FILE = HeritageOnline/Resources/Info.plist;
				INFOPLIST_KEY_CFBundleDisplayName = "E迹";
				INFOPLIST_KEY_UIApplicationSceneManifest_Generation = YES;
				INFOPLIST_KEY_UIApplicationSupportsIndirectInputEvents = YES;
				INFOPLIST_KEY_UILaunchScreen_Generation = YES;
				INFOPLIST_KEY_UISupportedInterfaceOrientations_iPad = "UIInterfaceOrientationPortrait UIInterfaceOrientationPortraitUpsideDown UIInterfaceOrientationLandscapeLeft UIInterfaceOrientationLandscapeRight";
				INFOPLIST_KEY_UISupportedInterfaceOrientations_iPhone = "UIInterfaceOrientationPortrait UIInterfaceOrientationLandscapeLeft UIInterfaceOrientationLandscapeRight";
				LD_RUNPATH_SEARCH_PATHS = (
					"$(inherited)",
					"@executable_path/Frameworks",
				);
				MARKETING_VERSION = 0.1.0;
				PRODUCT_BUNDLE_IDENTIFIER = com.duckylife.heritage.modern;
				PRODUCT_NAME = "$(TARGET_NAME)";
				SUPPORTED_PLATFORMS = "iphoneos iphonesimulator macosx";
				SUPPORTS_MACCATALYST = NO;
				SWIFT_EMIT_LOC_STRINGS = YES;
				SWIFT_VERSION = 5.0;
				TARGETED_DEVICE_FAMILY = "1,2";
			};
			name = Debug;
		};
		AB000004 /* Release */ = {
			isa = XCBuildConfiguration;
			buildSettings = {
				ASSETCATALOG_COMPILER_APPICON_NAME = AppIcon;
				ASSETCATALOG_COMPILER_GLOBAL_ACCENT_COLOR_NAME = AccentColor;
				CODE_SIGN_ENTITLEMENTS = HeritageOnline/HeritageOnline.entitlements;
				CODE_SIGN_STYLE = Automatic;
				CURRENT_PROJECT_VERSION = 1;
				DEVELOPMENT_ASSET_PATHS = "";
				DEVELOPMENT_TEAM = YNQ45Z475P;
				ENABLE_PREVIEWS = YES;
				GENERATE_INFOPLIST_FILE = NO;
				INFOPLIST_FILE = HeritageOnline/Resources/Info.plist;
				INFOPLIST_KEY_CFBundleDisplayName = "E迹";
				INFOPLIST_KEY_UIApplicationSceneManifest_Generation = YES;
				INFOPLIST_KEY_UIApplicationSupportsIndirectInputEvents = YES;
				INFOPLIST_KEY_UILaunchScreen_Generation = YES;
				INFOPLIST_KEY_UISupportedInterfaceOrientations_iPad = "UIInterfaceOrientationPortrait UIInterfaceOrientationPortraitUpsideDown UIInterfaceOrientationLandscapeLeft UIInterfaceOrientationLandscapeRight";
				INFOPLIST_KEY_UISupportedInterfaceOrientations_iPhone = "UIInterfaceOrientationPortrait UIInterfaceOrientationLandscapeLeft UIInterfaceOrientationLandscapeRight";
				LD_RUNPATH_SEARCH_PATHS = (
					"$(inherited)",
					"@executable_path/Frameworks",
				);
				MARKETING_VERSION = 0.1.0;
				PRODUCT_BUNDLE_IDENTIFIER = com.duckylife.heritage.modern;
				PRODUCT_NAME = "$(TARGET_NAME)";
				SUPPORTED_PLATFORMS = "iphoneos iphonesimulator macosx";
				SUPPORTS_MACCATALYST = NO;
				SWIFT_EMIT_LOC_STRINGS = YES;
				SWIFT_VERSION = 5.0;
				TARGETED_DEVICE_FAMILY = "1,2";
			};
			name = Release;
		};
		AB000005 /* Debug */ = {
			isa = XCBuildConfiguration;
			buildSettings = {
				BUNDLE_LOADER = "$(TEST_HOST)";
				CODE_SIGN_STYLE = Automatic;
				CURRENT_PROJECT_VERSION = 1;
				DEVELOPMENT_TEAM = "";
				GENERATE_INFOPLIST_FILE = YES;
				MARKETING_VERSION = 1.0;
				PRODUCT_BUNDLE_IDENTIFIER = com.duckylife.heritage.modern.tests;
				PRODUCT_NAME = "$(TARGET_NAME)";
				SUPPORTED_PLATFORMS = "iphoneos iphonesimulator macosx";
				SWIFT_EMIT_LOC_STRINGS = NO;
				SWIFT_VERSION = 5.0;
				TEST_HOST = "$(BUILT_PRODUCTS_DIR)/HeritageOnline.app/$(BUNDLE_EXECUTABLE_FOLDER_PATH)/HeritageOnline";
			};
			name = Debug;
		};
		AB000006 /* Release */ = {
			isa = XCBuildConfiguration;
			buildSettings = {
				BUNDLE_LOADER = "$(TEST_HOST)";
				CODE_SIGN_STYLE = Automatic;
				CURRENT_PROJECT_VERSION = 1;
				DEVELOPMENT_TEAM = "";
				GENERATE_INFOPLIST_FILE = YES;
				MARKETING_VERSION = 1.0;
				PRODUCT_BUNDLE_IDENTIFIER = com.duckylife.heritage.modern.tests;
				PRODUCT_NAME = "$(TARGET_NAME)";
				SUPPORTED_PLATFORMS = "iphoneos iphonesimulator macosx";
				SWIFT_EMIT_LOC_STRINGS = NO;
				SWIFT_VERSION = 5.0;
				TEST_HOST = "$(BUILT_PRODUCTS_DIR)/HeritageOnline.app/$(BUNDLE_EXECUTABLE_FOLDER_PATH)/HeritageOnline";
			};
			name = Release;
		};
		AB000007 /* Debug */ = {
			isa = XCBuildConfiguration;
			buildSettings = {
				CODE_SIGN_STYLE = Automatic;
				CURRENT_PROJECT_VERSION = 1;
				DEVELOPMENT_TEAM = "";
				GENERATE_INFOPLIST_FILE = YES;
				MARKETING_VERSION = 1.0;
				PRODUCT_BUNDLE_IDENTIFIER = com.duckylife.heritage.modern.uitests;
				PRODUCT_NAME = "$(TARGET_NAME)";
				SUPPORTED_PLATFORMS = "iphoneos iphonesimulator macosx";
				SWIFT_EMIT_LOC_STRINGS = NO;
				SWIFT_VERSION = 5.0;
				TEST_TARGET_NAME = HeritageOnline;
			};
			name = Debug;
		};
		AB000008 /* Release */ = {
			isa = XCBuildConfiguration;
			buildSettings = {
				CODE_SIGN_STYLE = Automatic;
				CURRENT_PROJECT_VERSION = 1;
				DEVELOPMENT_TEAM = "";
				GENERATE_INFOPLIST_FILE = YES;
				MARKETING_VERSION = 1.0;
				PRODUCT_BUNDLE_IDENTIFIER = com.duckylife.heritage.modern.uitests;
				PRODUCT_NAME = "$(TARGET_NAME)";
				SUPPORTED_PLATFORMS = "iphoneos iphonesimulator macosx";
				SWIFT_EMIT_LOC_STRINGS = NO;
				SWIFT_VERSION = 5.0;
				TEST_TARGET_NAME = HeritageOnline;
			};
			name = Release;
		};
/* End XCBuildConfiguration section */

/* Begin XCConfigurationList section */
		A8000001 /* Build configuration list for PBXNativeTarget "HeritageOnline" */ = {
			isa = XCConfigurationList;
			buildConfigurations = (
				AB000003 /* Debug */,
				AB000004 /* Release */,
			);
			defaultConfigurationIsVisible = 0;
			defaultConfigurationName = Release;
		};
		A8000002 /* Build configuration list for PBXNativeTarget "HeritageOnlineTests" */ = {
			isa = XCConfigurationList;
			buildConfigurations = (
				AB000005 /* Debug */,
				AB000006 /* Release */,
			);
			defaultConfigurationIsVisible = 0;
			defaultConfigurationName = Release;
		};
		A8000003 /* Build configuration list for PBXNativeTarget "HeritageOnlineUITests" */ = {
			isa = XCConfigurationList;
			buildConfigurations = (
				AB000007 /* Debug */,
				AB000008 /* Release */,
			);
			defaultConfigurationIsVisible = 0;
			defaultConfigurationName = Release;
		};
		A8000004 /* Build configuration list for PBXProject "HeritageOnline" */ = {
			isa = XCConfigurationList;
			buildConfigurations = (
				AB000001 /* Debug */,
				AB000002 /* Release */,
			);
			defaultConfigurationIsVisible = 0;
			defaultConfigurationName = Release;
		};
/* End XCConfigurationList section */
	};
	rootObject = A0000001 /* Project object */;
}
