// !$*UTF8*$!
{
	archiveVersion = 1;
	classes = {
	};
	objectVersion = 50;
	objects = {

/* Begin PBXBuildFile section */
		B166C720257C96B9005CF10C /* heritage_online_SwiftUIApp.swift in Sources */ = {isa = PBXBuildFile; fileRef = B166C70D257C96B8005CF10C /* heritage_online_SwiftUIApp.swift */; };
		B166C721257C96B9005CF10C /* heritage_online_SwiftUIApp.swift in Sources */ = {isa = PBXBuildFile; fileRef = B166C70D257C96B8005CF10C /* heritage_online_SwiftUIApp.swift */; };
		B166C722257C96B9005CF10C /* ContentView.swift in Sources */ = {isa = PBXBuildFile; fileRef = B166C70E257C96B8005CF10C /* ContentView.swift */; };
		B166C723257C96B9005CF10C /* ContentView.swift in Sources */ = {isa = PBXBuildFile; fileRef = B166C70E257C96B8005CF10C /* ContentView.swift */; };
		B166C724257C96B9005CF10C /* Assets.xcassets in Resources */ = {isa = PBXBuildFile; fileRef = B166C70F257C96B9005CF10C /* Assets.xcassets */; };
		B166C725257C96B9005CF10C /* Assets.xcassets in Resources */ = {isa = PBXBuildFile; fileRef = B166C70F257C96B9005CF10C /* Assets.xcassets */; };
/* End PBXBuildFile section */

/* Begin PBXFileReference section */
		B166C70D257C96B8005CF10C /* heritage_online_SwiftUIApp.swift */ = {isa = PBXFileReference; lastKnownFileType = sourcecode.swift; path = heritage_online_SwiftUIApp.swift; sourceTree = "<group>"; };
		B166C70E257C96B8005CF10C /* ContentView.swift */ = {isa = PBXFileReference; lastKnownFileType = sourcecode.swift; path = ContentView.swift; sourceTree = "<group>"; };
		B166C70F257C96B9005CF10C /* Assets.xcassets */ = {isa = PBXFileReference; lastKnownFileType = folder.assetcatalog; path = Assets.xcassets; sourceTree = "<group>"; };
		B166C714257C96B9005CF10C /* heritage-online-SwiftUI.app */ = {isa = PBXFileReference; explicitFileType = wrapper.application; includeInIndex = 0; path = "heritage-online-SwiftUI.app"; sourceTree = BUILT_PRODUCTS_DIR; };
		B166C717257C96B9005CF10C /* Info.plist */ = {isa = PBXFileReference; lastKnownFileType = text.plist.xml; path = Info.plist; sourceTree = "<group>"; };
		B166C71C257C96B9005CF10C /* heritage-online-SwiftUI.app */ = {isa = PBXFileReference; explicitFileType = wrapper.application; includeInIndex = 0; path = "heritage-online-SwiftUI.app"; sourceTree = BUILT_PRODUCTS_DIR; };
		B166C71E257C96B9005CF10C /* Info.plist */ = {isa = PBXFileReference; lastKnownFileType = text.plist.xml; path = Info.plist; sourceTree = "<group>"; };
		B166C71F257C96B9005CF10C /* macOS.entitlements */ = {isa = PBXFileReference; lastKnownFileType = text.plist.entitlements; path = macOS.entitlements; sourceTree = "<group>"; };
/* End PBXFileReference section */

/* Begin PBXFrameworksBuildPhase section */
		B166C711257C96B9005CF10C /* Frameworks */ = {
			isa = PBXFrameworksBuildPhase;
			buildActionMask = 2147483647;
			files = (
			);
			runOnlyForDeploymentPostprocessing = 0;
		};
		B166C719257C96B9005CF10C /* Frameworks */ = {
			isa = PBXFrameworksBuildPhase;
			buildActionMask = 2147483647;
			files = (
			);
			runOnlyForDeploymentPostprocessing = 0;
		};
/* End PBXFrameworksBuildPhase section */

/* Begin PBXGroup section */
		B166C707257C96B7005CF10C = {
			isa = PBXGroup;
			children = (
				B166C70C257C96B8005CF10C /* Shared */,
				B166C716257C96B9005CF10C /* iOS */,
				B166C71D257C96B9005CF10C /* macOS */,
				B166C715257C96B9005CF10C /* Products */,
			);
			sourceTree = "<group>";
		};
		B166C70C257C96B8005CF10C /* Shared */ = {
			isa = PBXGroup;
			children = (
				B166C70D257C96B8005CF10C /* heritage_online_SwiftUIApp.swift */,
				B166C70E257C96B8005CF10C /* ContentView.swift */,
				B166C70F257C96B9005CF10C /* Assets.xcassets */,
			);
			path = Shared;
			sourceTree = "<group>";
		};
		B166C715257C96B9005CF10C /* Products */ = {
			isa = PBXGroup;
			children = (
				B166C714257C96B9005CF10C /* heritage-online-SwiftUI.app */,
				B166C71C257C96B9005CF10C /* heritage-online-SwiftUI.app */,
			);
			name = Products;
			sourceTree = "<group>";
		};
		B166C716257C96B9005CF10C /* iOS */ = {
			isa = PBXGroup;
			children = (
				B166C717257C96B9005CF10C /* Info.plist */,
			);
			path = iOS;
			sourceTree = "<group>";
		};
		B166C71D257C96B9005CF10C /* macOS */ = {
			isa = PBXGroup;
			children = (
				B166C71E257C96B9005CF10C /* Info.plist */,
				B166C71F257C96B9005CF10C /* macOS.entitlements */,
			);
			path = macOS;
			sourceTree = "<group>";
		};
/* End PBXGroup section */

/* Begin PBXNativeTarget section */
		B166C713257C96B9005CF10C /* heritage-online-SwiftUI (iOS) */ = {
			isa = PBXNativeTarget;
			buildConfigurationList = B166C728257C96B9005CF10C /* Build configuration list for PBXNativeTarget "heritage-online-SwiftUI (iOS)" */;
			buildPhases = (
				B166C710257C96B9005CF10C /* Sources */,
				B166C711257C96B9005CF10C /* Frameworks */,
				B166C712257C96B9005CF10C /* Resources */,
			);
			buildRules = (
			);
			dependencies = (
			);
			name = "heritage-online-SwiftUI (iOS)";
			productName = "heritage-online-SwiftUI (iOS)";
			productReference = B166C714257C96B9005CF10C /* heritage-online-SwiftUI.app */;
			productType = "com.apple.product-type.application";
		};
		B166C71B257C96B9005CF10C /* heritage-online-SwiftUI (macOS) */ = {
			isa = PBXNativeTarget;
			buildConfigurationList = B166C72B257C96B9005CF10C /* Build configuration list for PBXNativeTarget "heritage-online-SwiftUI (macOS)" */;
			buildPhases = (
				B166C718257C96B9005CF10C /* Sources */,
				B166C719257C96B9005CF10C /* Frameworks */,
				B166C71A257C96B9005CF10C /* Resources */,
			);
			buildRules = (
			);
			dependencies = (
			);
			name = "heritage-online-SwiftUI (macOS)";
			productName = "heritage-online-SwiftUI (macOS)";
			productReference = B166C71C257C96B9005CF10C /* heritage-online-SwiftUI.app */;
			productType = "com.apple.product-type.application";
		};
/* End PBXNativeTarget section */

/* Begin PBXProject section */
		B166C708257C96B7005CF10C /* Project object */ = {
			isa = PBXProject;
			attributes = {
				LastSwiftUpdateCheck = 1220;
				LastUpgradeCheck = 1220;
				TargetAttributes = {
					B166C713257C96B9005CF10C = {
						CreatedOnToolsVersion = 12.2;
					};
					B166C71B257C96B9005CF10C = {
						CreatedOnToolsVersion = 12.2;
					};
				};
			};
			buildConfigurationList = B166C70B257C96B7005CF10C /* Build configuration list for PBXProject "heritage-online-SwiftUI" */;
			compatibilityVersion = "Xcode 9.3";
			developmentRegion = en;
			hasScannedForEncodings = 0;
			knownRegions = (
				en,
				Base,
			);
			mainGroup = B166C707257C96B7005CF10C;
			productRefGroup = B166C715257C96B9005CF10C /* Products */;
			projectDirPath = "";
			projectRoot = "";
			targets = (
				B166C713257C96B9005CF10C /* heritage-online-SwiftUI (iOS) */,
				B166C71B257C96B9005CF10C /* heritage-online-SwiftUI (macOS) */,
			);
		};
/* End PBXProject section */

/* Begin PBXResourcesBuildPhase section */
		B166C712257C96B9005CF10C /* Resources */ = {
			isa = PBXResourcesBuildPhase;
			buildActionMask = 2147483647;
			files = (
				B166C724257C96B9005CF10C /* Assets.xcassets in Resources */,
			);
			runOnlyForDeploymentPostprocessing = 0;
		};
		B166C71A257C96B9005CF10C /* Resources */ = {
			isa = PBXResourcesBuildPhase;
			buildActionMask = 2147483647;
			files = (
				B166C725257C96B9005CF10C /* Assets.xcassets in Resources */,
			);
			runOnlyForDeploymentPostprocessing = 0;
		};
/* End PBXResourcesBuildPhase section */

/* Begin PBXSourcesBuildPhase section */
		B166C710257C96B9005CF10C /* Sources */ = {
			isa = PBXSourcesBuildPhase;
			buildActionMask = 2147483647;
			files = (
				B166C722257C96B9005CF10C /* ContentView.swift in Sources */,
				B166C720257C96B9005CF10C /* heritage_online_SwiftUIApp.swift in Sources */,
			);
			runOnlyForDeploymentPostprocessing = 0;
		};
		B166C718257C96B9005CF10C /* Sources */ = {
			isa = PBXSourcesBuildPhase;
			buildActionMask = 2147483647;
			files = (
				B166C723257C96B9005CF10C /* ContentView.swift in Sources */,
				B166C721257C96B9005CF10C /* heritage_online_SwiftUIApp.swift in Sources */,
			);
			runOnlyForDeploymentPostprocessing = 0;
		};
/* End PBXSourcesBuildPhase section */

/* Begin XCBuildConfiguration section */
		B166C726257C96B9005CF10C /* Debug */ = {
			isa = XCBuildConfiguration;
			buildSettings = {
				ALWAYS_SEARCH_USER_PATHS = NO;
				CLANG_ANALYZER_NONNULL = YES;
				CLANG_ANALYZER_NUMBER_OBJECT_CONVERSION = YES_AGGRESSIVE;
				CLANG_CXX_LANGUAGE_STANDARD = "gnu++14";
				CLANG_CXX_LIBRARY = "libc++";
				CLANG_ENABLE_MODULES = YES;
				CLANG_ENABLE_OBJC_ARC = YES;
				CLANG_ENABLE_OBJC_WEAK = YES;
				CLANG_WARN_BLOCK_CAPTURE_AUTORELEASING = YES;
				CLANG_WARN_BOOL_CONVERSION = YES;
				CLANG_WARN_COMMA = YES;
				CLANG_WARN_CONSTANT_CONVERSION = YES;
				CLANG_WARN_DEPRECATED_OBJC_IMPLEMENTATIONS = YES;
				CLANG_WARN_DIRECT_OBJC_ISA_USAGE = YES_ERROR;
				CLANG_WARN_DOCUMENTATION_COMMENTS = YES;
				CLANG_WARN_EMPTY_BODY = YES;
				CLANG_WARN_ENUM_CONVERSION = YES;
				CLANG_WARN_INFINITE_RECURSION = YES;
				CLANG_WARN_INT_CONVERSION = YES;
				CLANG_WARN_NON_LITERAL_NULL_CONVERSION = YES;
				CLANG_WARN_OBJC_IMPLICIT_RETAIN_SELF = YES;
				CLANG_WARN_OBJC_LITERAL_CONVERSION = YES;
				CLANG_WARN_OBJC_ROOT_CLASS = YES_ERROR;
				CLANG_WARN_QUOTED_INCLUDE_IN_FRAMEWORK_HEADER = YES;
				CLANG_WARN_RANGE_LOOP_ANALYSIS = YES;
				CLANG_WARN_STRICT_PROTOTYPES = YES;
				CLANG_WARN_SUSPICIOUS_MOVE = YES;
				CLANG_WARN_UNGUARDED_AVAILABILITY = YES_AGGRESSIVE;
				CLANG_WARN_UNREACHABLE_CODE = YES;
				CLANG_WARN__DUPLICATE_METHOD_MATCH = YES;
				COPY_PHASE_STRIP = NO;
				DEBUG_INFORMATION_FORMAT = dwarf;
				ENABLE_STRICT_OBJC_MSGSEND = YES;
				ENABLE_TESTABILITY = YES;
				GCC_C_LANGUAGE_STANDARD = gnu11;
				GCC_DYNAMIC_NO_PIC = NO;
				GCC_NO_COMMON_BLOCKS = YES;
				GCC_OPTIMIZATION_LEVEL = 0;
				GCC_PREPROCESSOR_DEFINITIONS = (
					"DEBUG=1",
					"$(inherited)",
				);
				GCC_WARN_64_TO_32_BIT_CONVERSION = YES;
				GCC_WARN_ABOUT_RETURN_TYPE = YES_ERROR;
				GCC_WARN_UNDECLARED_SELECTOR = YES;
				GCC_WARN_UNINITIALIZED_AUTOS = YES_AGGRESSIVE;
				GCC_WARN_UNUSED_FUNCTION = YES;
				GCC_WARN_UNUSED_VARIABLE = YES;
				MTL_ENABLE_DEBUG_INFO = INCLUDE_SOURCE;
				MTL_FAST_MATH = YES;
				ONLY_ACTIVE_ARCH = YES;
				SWIFT_ACTIVE_COMPILATION_CONDITIONS = DEBUG;
				SWIFT_OPTIMIZATION_LEVEL = "-Onone";
			};
			name = Debug;
		};
		B166C727257C96B9005CF10C /* Release */ = {
			isa = XCBuildConfiguration;
			buildSettings = {
				ALWAYS_SEARCH_USER_PATHS = NO;
				CLANG_ANALYZER_NONNULL = YES;
				CLANG_ANALYZER_NUMBER_OBJECT_CONVERSION = YES_AGGRESSIVE;
				CLANG_CXX_LANGUAGE_STANDARD = "gnu++14";
				CLANG_CXX_LIBRARY = "libc++";
				CLANG_ENABLE_MODULES = YES;
				CLANG_ENABLE_OBJC_ARC = YES;
				CLANG_ENABLE_OBJC_WEAK = YES;
				CLANG_WARN_BLOCK_CAPTURE_AUTORELEASING = YES;
				CLANG_WARN_BOOL_CONVERSION = YES;
				CLANG_WARN_COMMA = YES;
				CLANG_WARN_CONSTANT_CONVERSION = YES;
				CLANG_WARN_DEPRECATED_OBJC_IMPLEMENTATIONS = YES;
				CLANG_WARN_DIRECT_OBJC_ISA_USAGE = YES_ERROR;
				CLANG_WARN_DOCUMENTATION_COMMENTS = YES;
				CLANG_WARN_EMPTY_BODY = YES;
				CLANG_WARN_ENUM_CONVERSION = YES;
				CLANG_WARN_INFINITE_RECURSION = YES;
				CLANG_WARN_INT_CONVERSION = YES;
				CLANG_WARN_NON_LITERAL_NULL_CONVERSION = YES;
				CLANG_WARN_OBJC_IMPLICIT_RETAIN_SELF = YES;
				CLANG_WARN_OBJC_LITERAL_CONVERSION = YES;
				CLANG_WARN_OBJC_ROOT_CLASS = YES_ERROR;
				CLANG_WARN_QUOTED_INCLUDE_IN_FRAMEWORK_HEADER = YES;
				CLANG_WARN_RANGE_LOOP_ANALYSIS = YES;
				CLANG_WARN_STRICT_PROTOTYPES = YES;
				CLANG_WARN_SUSPICIOUS_MOVE = YES;
				CLANG_WARN_UNGUARDED_AVAILABILITY = YES_AGGRESSIVE;
				CLANG_WARN_UNREACHABLE_CODE = YES;
				CLANG_WARN__DUPLICATE_METHOD_MATCH = YES;
				COPY_PHASE_STRIP = NO;
				DEBUG_INFORMATION_FORMAT = "dwarf-with-dsym";
				ENABLE_NS_ASSERTIONS = NO;
				ENABLE_STRICT_OBJC_MSGSEND = YES;
				GCC_C_LANGUAGE_STANDARD = gnu11;
				GCC_NO_COMMON_BLOCKS = YES;
				GCC_WARN_64_TO_32_BIT_CONVERSION = YES;
				GCC_WARN_ABOUT_RETURN_TYPE = YES_ERROR;
				GCC_WARN_UNDECLARED_SELECTOR = YES;
				GCC_WARN_UNINITIALIZED_AUTOS = YES_AGGRESSIVE;
				GCC_WARN_UNUSED_FUNCTION = YES;
				GCC_WARN_UNUSED_VARIABLE = YES;
				MTL_ENABLE_DEBUG_INFO = NO;
				MTL_FAST_MATH = YES;
				SWIFT_COMPILATION_MODE = wholemodule;
				SWIFT_OPTIMIZATION_LEVEL = "-O";
			};
			name = Release;
		};
		B166C729257C96B9005CF10C /* Debug */ = {
			isa = XCBuildConfiguration;
			buildSettings = {
				ASSETCATALOG_COMPILER_APPICON_NAME = AppIcon;
				ASSETCATALOG_COMPILER_GLOBAL_ACCENT_COLOR_NAME = AccentColor;
				CODE_SIGN_STYLE = Automatic;
				DEVELOPMENT_TEAM = WDTFCKHQNA;
				ENABLE_PREVIEWS = YES;
				INFOPLIST_FILE = iOS/Info.plist;
				IPHONEOS_DEPLOYMENT_TARGET = 14.0;
				LD_RUNPATH_SEARCH_PATHS = (
					"$(inherited)",
					"@executable_path/Frameworks",
				);
				PRODUCT_BUNDLE_IDENTIFIER = "com.datong.heritage-online-SwiftUI";
				PRODUCT_NAME = "heritage-online-SwiftUI";
				SDKROOT = iphoneos;
				SWIFT_VERSION = 5.0;
				TARGETED_DEVICE_FAMILY = "1,2";
			};
			name = Debug;
		};
		B166C72A257C96B9005CF10C /* Release */ = {
			isa = XCBuildConfiguration;
			buildSettings = {
				ASSETCATALOG_COMPILER_APPICON_NAME = AppIcon;
				ASSETCATALOG_COMPILER_GLOBAL_ACCENT_COLOR_NAME = AccentColor;
				CODE_SIGN_STYLE = Automatic;
				DEVELOPMENT_TEAM = WDTFCKHQNA;
				ENABLE_PREVIEWS = YES;
				INFOPLIST_FILE = iOS/Info.plist;
				IPHONEOS_DEPLOYMENT_TARGET = 14.0;
				LD_RUNPATH_SEARCH_PATHS = (
					"$(inherited)",
					"@executable_path/Frameworks",
				);
				PRODUCT_BUNDLE_IDENTIFIER = "com.datong.heritage-online-SwiftUI";
				PRODUCT_NAME = "heritage-online-SwiftUI";
				SDKROOT = iphoneos;
				SWIFT_VERSION = 5.0;
				TARGETED_DEVICE_FAMILY = "1,2";
				VALIDATE_PRODUCT = YES;
			};
			name = Release;
		};
		B166C72C257C96B9005CF10C /* Debug */ = {
			isa = XCBuildConfiguration;
			buildSettings = {
				ASSETCATALOG_COMPILER_APPICON_NAME = AppIcon;
				ASSETCATALOG_COMPILER_GLOBAL_ACCENT_COLOR_NAME = AccentColor;
				CODE_SIGN_ENTITLEMENTS = macOS/macOS.entitlements;
				CODE_SIGN_STYLE = Automatic;
				COMBINE_HIDPI_IMAGES = YES;
				DEVELOPMENT_TEAM = WDTFCKHQNA;
				ENABLE_HARDENED_RUNTIME = YES;
				ENABLE_PREVIEWS = YES;
				INFOPLIST_FILE = macOS/Info.plist;
				LD_RUNPATH_SEARCH_PATHS = (
					"$(inherited)",
					"@executable_path/../Frameworks",
				);
				MACOSX_DEPLOYMENT_TARGET = 11.0;
				PRODUCT_BUNDLE_IDENTIFIER = "com.datong.heritage-online-SwiftUI";
				PRODUCT_NAME = "heritage-online-SwiftUI";
				SDKROOT = macosx;
				SWIFT_VERSION = 5.0;
			};
			name = Debug;
		};
		B166C72D257C96B9005CF10C /* Release */ = {
			isa = XCBuildConfiguration;
			buildSettings = {
				ASSETCATALOG_COMPILER_APPICON_NAME = AppIcon;
				ASSETCATALOG_COMPILER_GLOBAL_ACCENT_COLOR_NAME = AccentColor;
				CODE_SIGN_ENTITLEMENTS = macOS/macOS.entitlements;
				CODE_SIGN_STYLE = Automatic;
				COMBINE_HIDPI_IMAGES = YES;
				DEVELOPMENT_TEAM = WDTFCKHQNA;
				ENABLE_HARDENED_RUNTIME = YES;
				ENABLE_PREVIEWS = YES;
				INFOPLIST_FILE = macOS/Info.plist;
				LD_RUNPATH_SEARCH_PATHS = (
					"$(inherited)",
					"@executable_path/../Frameworks",
				);
				MACOSX_DEPLOYMENT_TARGET = 11.0;
				PRODUCT_BUNDLE_IDENTIFIER = "com.datong.heritage-online-SwiftUI";
				PRODUCT_NAME = "heritage-online-SwiftUI";
				SDKROOT = macosx;
				SWIFT_VERSION = 5.0;
			};
			name = Release;
		};
/* End XCBuildConfiguration section */

/* Begin XCConfigurationList section */
		B166C70B257C96B7005CF10C /* Build configuration list for PBXProject "heritage-online-SwiftUI" */ = {
			isa = XCConfigurationList;
			buildConfigurations = (
				B166C726257C96B9005CF10C /* Debug */,
				B166C727257C96B9005CF10C /* Release */,
			);
			defaultConfigurationIsVisible = 0;
			defaultConfigurationName = Release;
		};
		B166C728257C96B9005CF10C /* Build configuration list for PBXNativeTarget "heritage-online-SwiftUI (iOS)" */ = {
			isa = XCConfigurationList;
			buildConfigurations = (
				B166C729257C96B9005CF10C /* Debug */,
				B166C72A257C96B9005CF10C /* Release */,
			);
			defaultConfigurationIsVisible = 0;
			defaultConfigurationName = Release;
		};
		B166C72B257C96B9005CF10C /* Build configuration list for PBXNativeTarget "heritage-online-SwiftUI (macOS)" */ = {
			isa = XCConfigurationList;
			buildConfigurations = (
				B166C72C257C96B9005CF10C /* Debug */,
				B166C72D257C96B9005CF10C /* Release */,
			);
			defaultConfigurationIsVisible = 0;
			defaultConfigurationName = Release;
		};
/* End XCConfigurationList section */
	};
	rootObject = B166C708257C96B7005CF10C /* Project object */;
}
