// !$*UTF8*$!
{
	archiveVersion = 1;
	classes = {
	};
	objectVersion = 50;
	objects = {

/* Begin PBXBuildFile section */
		B1069113260872590081B8DD /* PageView.swift in Sources */ = {isa = PBXBuildFile; fileRef = B1069112260872590081B8DD /* PageView.swift */; };
		B1069119260874920081B8DD /* BannerView.swift in Sources */ = {isa = PBXBuildFile; fileRef = B1069118260874920081B8DD /* BannerView.swift */; };
		B106911D260874BF0081B8DD /* MainPageBanner.swift in Sources */ = {isa = PBXBuildFile; fileRef = B106911C260874BF0081B8DD /* MainPageBanner.swift */; };
		B1069121260876300081B8DD /* MainPageBinnerViewModel.swift in Sources */ = {isa = PBXBuildFile; fileRef = B1069120260876300081B8DD /* MainPageBinnerViewModel.swift */; };
		B1069125260876EE0081B8DD /* EmptyGetRequest.swift in Sources */ = {isa = PBXBuildFile; fileRef = B1069124260876EE0081B8DD /* EmptyGetRequest.swift */; };
		B1069129260879C00081B8DD /* NetworkImage.swift in Sources */ = {isa = PBXBuildFile; fileRef = B1069128260879C00081B8DD /* NetworkImage.swift */; };
		B106912F26087B150081B8DD /* ImageLoader.swift in Sources */ = {isa = PBXBuildFile; fileRef = B106912E26087B150081B8DD /* ImageLoader.swift */; };
		B166C720257C96B9005CF10C /* heritage_online_SwiftUIApp.swift in Sources */ = {isa = PBXBuildFile; fileRef = B166C70D257C96B8005CF10C /* heritage_online_SwiftUIApp.swift */; };
		B166C721257C96B9005CF10C /* heritage_online_SwiftUIApp.swift in Sources */ = {isa = PBXBuildFile; fileRef = B166C70D257C96B8005CF10C /* heritage_online_SwiftUIApp.swift */; };
		B166C722257C96B9005CF10C /* ContentView.swift in Sources */ = {isa = PBXBuildFile; fileRef = B166C70E257C96B8005CF10C /* ContentView.swift */; };
		B166C723257C96B9005CF10C /* ContentView.swift in Sources */ = {isa = PBXBuildFile; fileRef = B166C70E257C96B8005CF10C /* ContentView.swift */; };
		B166C724257C96B9005CF10C /* Assets.xcassets in Resources */ = {isa = PBXBuildFile; fileRef = B166C70F257C96B9005CF10C /* Assets.xcassets */; };
		B166C725257C96B9005CF10C /* Assets.xcassets in Resources */ = {isa = PBXBuildFile; fileRef = B166C70F257C96B9005CF10C /* Assets.xcassets */; };
		B166C733257C9746005CF10C /* RestfulAPI.swift in Sources */ = {isa = PBXBuildFile; fileRef = B166C732257C9746005CF10C /* RestfulAPI.swift */; };
		B166C734257C9746005CF10C /* RestfulAPI.swift in Sources */ = {isa = PBXBuildFile; fileRef = B166C732257C9746005CF10C /* RestfulAPI.swift */; };
		B166C73A257C9856005CF10C /* RestfulModel.swift in Sources */ = {isa = PBXBuildFile; fileRef = B166C739257C9856005CF10C /* RestfulModel.swift */; };
		B166C73B257C9856005CF10C /* RestfulModel.swift in Sources */ = {isa = PBXBuildFile; fileRef = B166C739257C9856005CF10C /* RestfulModel.swift */; };
		B166C73F257C988E005CF10C /* NetworkRequestTask.swift in Sources */ = {isa = PBXBuildFile; fileRef = B166C73E257C988E005CF10C /* NetworkRequestTask.swift */; };
		B166C740257C988E005CF10C /* NetworkRequestTask.swift in Sources */ = {isa = PBXBuildFile; fileRef = B166C73E257C988E005CF10C /* NetworkRequestTask.swift */; };
		B166C744257C98CC005CF10C /* BaseNetworkRequestProtocol.swift in Sources */ = {isa = PBXBuildFile; fileRef = B166C743257C98CC005CF10C /* BaseNetworkRequestProtocol.swift */; };
		B166C745257C98CC005CF10C /* BaseNetworkRequestProtocol.swift in Sources */ = {isa = PBXBuildFile; fileRef = B166C743257C98CC005CF10C /* BaseNetworkRequestProtocol.swift */; };
		B166C74A257C9911005CF10C /* CacheableData.swift in Sources */ = {isa = PBXBuildFile; fileRef = B166C749257C9911005CF10C /* CacheableData.swift */; };
		B166C74B257C9911005CF10C /* CacheableData.swift in Sources */ = {isa = PBXBuildFile; fileRef = B166C749257C9911005CF10C /* CacheableData.swift */; };
		B166C75A257C9A91005CF10C /* HomePageCardView.swift in Sources */ = {isa = PBXBuildFile; fileRef = B166C759257C9A91005CF10C /* HomePageCardView.swift */; };
		B166C75B257C9A91005CF10C /* HomePageCardView.swift in Sources */ = {isa = PBXBuildFile; fileRef = B166C759257C9A91005CF10C /* HomePageCardView.swift */; };
		B166C760257C9B66005CF10C /* NewsListResponse.swift in Sources */ = {isa = PBXBuildFile; fileRef = B166C75F257C9B66005CF10C /* NewsListResponse.swift */; };
		B166C761257C9B66005CF10C /* NewsListResponse.swift in Sources */ = {isa = PBXBuildFile; fileRef = B166C75F257C9B66005CF10C /* NewsListResponse.swift */; };
		B166C771257C9D33005CF10C /* HomePageContent.swift in Sources */ = {isa = PBXBuildFile; fileRef = B166C770257C9D33005CF10C /* HomePageContent.swift */; };
		B166C772257C9D33005CF10C /* HomePageContent.swift in Sources */ = {isa = PBXBuildFile; fileRef = B166C770257C9D33005CF10C /* HomePageContent.swift */; };
		B166C776257C9D4C005CF10C /* HomePageList.swift in Sources */ = {isa = PBXBuildFile; fileRef = B166C775257C9D4C005CF10C /* HomePageList.swift */; };
		B166C777257C9D4C005CF10C /* HomePageList.swift in Sources */ = {isa = PBXBuildFile; fileRef = B166C775257C9D4C005CF10C /* HomePageList.swift */; };
		B166C782257CA112005CF10C /* NewsListViewModel.swift in Sources */ = {isa = PBXBuildFile; fileRef = B166C781257CA112005CF10C /* NewsListViewModel.swift */; };
		B166C783257CA112005CF10C /* NewsListViewModel.swift in Sources */ = {isa = PBXBuildFile; fileRef = B166C781257CA112005CF10C /* NewsListViewModel.swift */; };
		B166C788257CA283005CF10C /* NewsListRequest.swift in Sources */ = {isa = PBXBuildFile; fileRef = B166C787257CA283005CF10C /* NewsListRequest.swift */; };
		B166C789257CA283005CF10C /* NewsListRequest.swift in Sources */ = {isa = PBXBuildFile; fileRef = B166C787257CA283005CF10C /* NewsListRequest.swift */; };
/* End PBXBuildFile section */

/* Begin PBXFileReference section */
		B1069112260872590081B8DD /* PageView.swift */ = {isa = PBXFileReference; lastKnownFileType = sourcecode.swift; path = PageView.swift; sourceTree = "<group>"; };
		B1069118260874920081B8DD /* BannerView.swift */ = {isa = PBXFileReference; lastKnownFileType = sourcecode.swift; path = BannerView.swift; sourceTree = "<group>"; };
		B106911C260874BF0081B8DD /* MainPageBanner.swift */ = {isa = PBXFileReference; lastKnownFileType = sourcecode.swift; path = MainPageBanner.swift; sourceTree = "<group>"; };
		B1069120260876300081B8DD /* MainPageBinnerViewModel.swift */ = {isa = PBXFileReference; lastKnownFileType = sourcecode.swift; path = MainPageBinnerViewModel.swift; sourceTree = "<group>"; };
		B1069124260876EE0081B8DD /* EmptyGetRequest.swift */ = {isa = PBXFileReference; lastKnownFileType = sourcecode.swift; path = EmptyGetRequest.swift; sourceTree = "<group>"; };
		B1069128260879C00081B8DD /* NetworkImage.swift */ = {isa = PBXFileReference; lastKnownFileType = sourcecode.swift; path = NetworkImage.swift; sourceTree = "<group>"; };
		B106912E26087B150081B8DD /* ImageLoader.swift */ = {isa = PBXFileReference; lastKnownFileType = sourcecode.swift; path = ImageLoader.swift; sourceTree = "<group>"; };
		B166C70D257C96B8005CF10C /* heritage_online_SwiftUIApp.swift */ = {isa = PBXFileReference; lastKnownFileType = sourcecode.swift; path = heritage_online_SwiftUIApp.swift; sourceTree = "<group>"; };
		B166C70E257C96B8005CF10C /* ContentView.swift */ = {isa = PBXFileReference; lastKnownFileType = sourcecode.swift; path = ContentView.swift; sourceTree = "<group>"; };
		B166C70F257C96B9005CF10C /* Assets.xcassets */ = {isa = PBXFileReference; lastKnownFileType = folder.assetcatalog; path = Assets.xcassets; sourceTree = "<group>"; };
		B166C714257C96B9005CF10C /* heritage-online-SwiftUI.app */ = {isa = PBXFileReference; explicitFileType = wrapper.application; includeInIndex = 0; path = "heritage-online-SwiftUI.app"; sourceTree = BUILT_PRODUCTS_DIR; };
		B166C717257C96B9005CF10C /* Info.plist */ = {isa = PBXFileReference; lastKnownFileType = text.plist.xml; path = Info.plist; sourceTree = "<group>"; };
		B166C71C257C96B9005CF10C /* heritage-online-SwiftUI.app */ = {isa = PBXFileReference; explicitFileType = wrapper.application; includeInIndex = 0; path = "heritage-online-SwiftUI.app"; sourceTree = BUILT_PRODUCTS_DIR; };
		B166C71E257C96B9005CF10C /* Info.plist */ = {isa = PBXFileReference; lastKnownFileType = text.plist.xml; path = Info.plist; sourceTree = "<group>"; };
		B166C71F257C96B9005CF10C /* macOS.entitlements */ = {isa = PBXFileReference; lastKnownFileType = text.plist.entitlements; path = macOS.entitlements; sourceTree = "<group>"; };
		B166C732257C9746005CF10C /* RestfulAPI.swift */ = {isa = PBXFileReference; lastKnownFileType = sourcecode.swift; path = RestfulAPI.swift; sourceTree = "<group>"; };
		B166C739257C9856005CF10C /* RestfulModel.swift */ = {isa = PBXFileReference; lastKnownFileType = sourcecode.swift; path = RestfulModel.swift; sourceTree = "<group>"; };
		B166C73E257C988E005CF10C /* NetworkRequestTask.swift */ = {isa = PBXFileReference; lastKnownFileType = sourcecode.swift; path = NetworkRequestTask.swift; sourceTree = "<group>"; };
		B166C743257C98CC005CF10C /* BaseNetworkRequestProtocol.swift */ = {isa = PBXFileReference; lastKnownFileType = sourcecode.swift; path = BaseNetworkRequestProtocol.swift; sourceTree = "<group>"; };
		B166C749257C9911005CF10C /* CacheableData.swift */ = {isa = PBXFileReference; lastKnownFileType = sourcecode.swift; path = CacheableData.swift; sourceTree = "<group>"; };
		B166C759257C9A91005CF10C /* HomePageCardView.swift */ = {isa = PBXFileReference; lastKnownFileType = sourcecode.swift; path = HomePageCardView.swift; sourceTree = "<group>"; };
		B166C75F257C9B66005CF10C /* NewsListResponse.swift */ = {isa = PBXFileReference; lastKnownFileType = sourcecode.swift; path = NewsListResponse.swift; sourceTree = "<group>"; };
		B166C770257C9D33005CF10C /* HomePageContent.swift */ = {isa = PBXFileReference; lastKnownFileType = sourcecode.swift; path = HomePageContent.swift; sourceTree = "<group>"; };
		B166C775257C9D4C005CF10C /* HomePageList.swift */ = {isa = PBXFileReference; lastKnownFileType = sourcecode.swift; path = HomePageList.swift; sourceTree = "<group>"; };
		B166C781257CA112005CF10C /* NewsListViewModel.swift */ = {isa = PBXFileReference; lastKnownFileType = sourcecode.swift; path = NewsListViewModel.swift; sourceTree = "<group>"; };
		B166C787257CA283005CF10C /* NewsListRequest.swift */ = {isa = PBXFileReference; lastKnownFileType = sourcecode.swift; path = NewsListRequest.swift; sourceTree = "<group>"; };
/* End PBXFileReference section */

/* Begin PBXFrameworksBuildPhase section */
		B166C711257C96B9005CF10C /* Frameworks */ = {
			isa = PBXFrameworksBuildPhase;
			buildActionMask = 2147483647;
			files = (
			);
			runOnlyForDeploymentPostprocessing = 0;
		};
		B166C719257C96B9005CF10C /* Frameworks */ = {
			isa = PBXFrameworksBuildPhase;
			buildActionMask = 2147483647;
			files = (
			);
			runOnlyForDeploymentPostprocessing = 0;
		};
/* End PBXFrameworksBuildPhase section */

/* Begin PBXGroup section */
		B1069111260872490081B8DD /* CustomViews */ = {
			isa = PBXGroup;
			children = (
				B1069112260872590081B8DD /* PageView.swift */,
				B1069128260879C00081B8DD /* NetworkImage.swift */,
			);
			path = CustomViews;
			sourceTree = "<group>";
		};
		B166C707257C96B7005CF10C = {
			isa = PBXGroup;
			children = (
				B166C70C257C96B8005CF10C /* Shared */,
				B166C716257C96B9005CF10C /* iOS */,
				B166C71D257C96B9005CF10C /* macOS */,
				B166C715257C96B9005CF10C /* Products */,
			);
			sourceTree = "<group>";
		};
		B166C70C257C96B8005CF10C /* Shared */ = {
			isa = PBXGroup;
			children = (
				B1069111260872490081B8DD /* CustomViews */,
				B166C758257C9A78005CF10C /* HomePage */,
				B166C750257C994A005CF10C /* ImageHelper */,
				B166C730257C96F0005CF10C /* Network */,
				B166C70D257C96B8005CF10C /* heritage_online_SwiftUIApp.swift */,
				B166C70E257C96B8005CF10C /* ContentView.swift */,
				B166C70F257C96B9005CF10C /* Assets.xcassets */,
			);
			path = Shared;
			sourceTree = "<group>";
		};
		B166C715257C96B9005CF10C /* Products */ = {
			isa = PBXGroup;
			children = (
				B166C714257C96B9005CF10C /* heritage-online-SwiftUI.app */,
				B166C71C257C96B9005CF10C /* heritage-online-SwiftUI.app */,
			);
			name = Products;
			sourceTree = "<group>";
		};
		B166C716257C96B9005CF10C /* iOS */ = {
			isa = PBXGroup;
			children = (
				B166C717257C96B9005CF10C /* Info.plist */,
			);
			path = iOS;
			sourceTree = "<group>";
		};
		B166C71D257C96B9005CF10C /* macOS */ = {
			isa = PBXGroup;
			children = (
				B166C71E257C96B9005CF10C /* Info.plist */,
				B166C71F257C96B9005CF10C /* macOS.entitlements */,
			);
			path = macOS;
			sourceTree = "<group>";
		};
		B166C730257C96F0005CF10C /* Network */ = {
			isa = PBXGroup;
			children = (
				B166C786257CA279005CF10C /* Request */,
				B166C780257CA105005CF10C /* ViewModel */,
				B166C75E257C9B06005CF10C /* Responses */,
				B166C748257C98FF005CF10C /* CacheHelpers */,
				B166C731257C9726005CF10C /* Protocols */,
				B166C73E257C988E005CF10C /* NetworkRequestTask.swift */,
				B166C743257C98CC005CF10C /* BaseNetworkRequestProtocol.swift */,
			);
			path = Network;
			sourceTree = "<group>";
		};
		B166C731257C9726005CF10C /* Protocols */ = {
			isa = PBXGroup;
			children = (
				B166C732257C9746005CF10C /* RestfulAPI.swift */,
				B166C739257C9856005CF10C /* RestfulModel.swift */,
			);
			path = Protocols;
			sourceTree = "<group>";
		};
		B166C748257C98FF005CF10C /* CacheHelpers */ = {
			isa = PBXGroup;
			children = (
				B166C749257C9911005CF10C /* CacheableData.swift */,
			);
			path = CacheHelpers;
			sourceTree = "<group>";
		};
		B166C750257C994A005CF10C /* ImageHelper */ = {
			isa = PBXGroup;
			children = (
				B106912E26087B150081B8DD /* ImageLoader.swift */,
			);
			path = ImageHelper;
			sourceTree = "<group>";
		};
		B166C758257C9A78005CF10C /* HomePage */ = {
			isa = PBXGroup;
			children = (
				B166C759257C9A91005CF10C /* HomePageCardView.swift */,
				B166C770257C9D33005CF10C /* HomePageContent.swift */,
				B166C775257C9D4C005CF10C /* HomePageList.swift */,
				B1069118260874920081B8DD /* BannerView.swift */,
			);
			path = HomePage;
			sourceTree = "<group>";
		};
		B166C75E257C9B06005CF10C /* Responses */ = {
			isa = PBXGroup;
			children = (
				B166C75F257C9B66005CF10C /* NewsListResponse.swift */,
				B106911C260874BF0081B8DD /* MainPageBanner.swift */,
			);
			path = Responses;
			sourceTree = "<group>";
		};
		B166C780257CA105005CF10C /* ViewModel */ = {
			isa = PBXGroup;
			children = (
				B166C781257CA112005CF10C /* NewsListViewModel.swift */,
				B1069120260876300081B8DD /* MainPageBinnerViewModel.swift */,
			);
			path = ViewModel;
			sourceTree = "<group>";
		};
		B166C786257CA279005CF10C /* Request */ = {
			isa = PBXGroup;
			children = (
				B166C787257CA283005CF10C /* NewsListRequest.swift */,
				B1069124260876EE0081B8DD /* EmptyGetRequest.swift */,
			);
			path = Request;
			sourceTree = "<group>";
		};
/* End PBXGroup section */

/* Begin PBXNativeTarget section */
		B166C713257C96B9005CF10C /* heritage-online-SwiftUI (iOS) */ = {
			isa = PBXNativeTarget;
			buildConfigurationList = B166C728257C96B9005CF10C /* Build configuration list for PBXNativeTarget "heritage-online-SwiftUI (iOS)" */;
			buildPhases = (
				B166C710257C96B9005CF10C /* Sources */,
				B166C711257C96B9005CF10C /* Frameworks */,
				B166C712257C96B9005CF10C /* Resources */,
			);
			buildRules = (
			);
			dependencies = (
			);
			name = "heritage-online-SwiftUI (iOS)";
			productName = "heritage-online-SwiftUI (iOS)";
			productReference = B166C714257C96B9005CF10C /* heritage-online-SwiftUI.app */;
			productType = "com.apple.product-type.application";
		};
		B166C71B257C96B9005CF10C /* heritage-online-SwiftUI (macOS) */ = {
			isa = PBXNativeTarget;
			buildConfigurationList = B166C72B257C96B9005CF10C /* Build configuration list for PBXNativeTarget "heritage-online-SwiftUI (macOS)" */;
			buildPhases = (
				B166C718257C96B9005CF10C /* Sources */,
				B166C719257C96B9005CF10C /* Frameworks */,
				B166C71A257C96B9005CF10C /* Resources */,
			);
			buildRules = (
			);
			dependencies = (
			);
			name = "heritage-online-SwiftUI (macOS)";
			productName = "heritage-online-SwiftUI (macOS)";
			productReference = B166C71C257C96B9005CF10C /* heritage-online-SwiftUI.app */;
			productType = "com.apple.product-type.application";
		};
/* End PBXNativeTarget section */

/* Begin PBXProject section */
		B166C708257C96B7005CF10C /* Project object */ = {
			isa = PBXProject;
			attributes = {
				LastSwiftUpdateCheck = 1220;
				LastUpgradeCheck = 1220;
				TargetAttributes = {
					B166C713257C96B9005CF10C = {
						CreatedOnToolsVersion = 12.2;
					};
					B166C71B257C96B9005CF10C = {
						CreatedOnToolsVersion = 12.2;
					};
				};
			};
			buildConfigurationList = B166C70B257C96B7005CF10C /* Build configuration list for PBXProject "heritage-online-SwiftUI" */;
			compatibilityVersion = "Xcode 9.3";
			developmentRegion = en;
			hasScannedForEncodings = 0;
			knownRegions = (
				en,
				Base,
			);
			mainGroup = B166C707257C96B7005CF10C;
			productRefGroup = B166C715257C96B9005CF10C /* Products */;
			projectDirPath = "";
			projectRoot = "";
			targets = (
				B166C713257C96B9005CF10C /* heritage-online-SwiftUI (iOS) */,
				B166C71B257C96B9005CF10C /* heritage-online-SwiftUI (macOS) */,
			);
		};
/* End PBXProject section */

/* Begin PBXResourcesBuildPhase section */
		B166C712257C96B9005CF10C /* Resources */ = {
			isa = PBXResourcesBuildPhase;
			buildActionMask = 2147483647;
			files = (
				B166C724257C96B9005CF10C /* Assets.xcassets in Resources */,
			);
			runOnlyForDeploymentPostprocessing = 0;
		};
		B166C71A257C96B9005CF10C /* Resources */ = {
			isa = PBXResourcesBuildPhase;
			buildActionMask = 2147483647;
			files = (
				B166C725257C96B9005CF10C /* Assets.xcassets in Resources */,
			);
			runOnlyForDeploymentPostprocessing = 0;
		};
/* End PBXResourcesBuildPhase section */

/* Begin PBXSourcesBuildPhase section */
		B166C710257C96B9005CF10C /* Sources */ = {
			isa = PBXSourcesBuildPhase;
			buildActionMask = 2147483647;
			files = (
				B166C744257C98CC005CF10C /* BaseNetworkRequestProtocol.swift in Sources */,
				B166C74A257C9911005CF10C /* CacheableData.swift in Sources */,
				B106912F26087B150081B8DD /* ImageLoader.swift in Sources */,
				B166C733257C9746005CF10C /* RestfulAPI.swift in Sources */,
				B166C776257C9D4C005CF10C /* HomePageList.swift in Sources */,
				B166C75A257C9A91005CF10C /* HomePageCardView.swift in Sources */,
				B166C722257C96B9005CF10C /* ContentView.swift in Sources */,
				B1069129260879C00081B8DD /* NetworkImage.swift in Sources */,
				B106911D260874BF0081B8DD /* MainPageBanner.swift in Sources */,
				B166C771257C9D33005CF10C /* HomePageContent.swift in Sources */,
				B166C720257C96B9005CF10C /* heritage_online_SwiftUIApp.swift in Sources */,
				B166C73F257C988E005CF10C /* NetworkRequestTask.swift in Sources */,
				B166C782257CA112005CF10C /* NewsListViewModel.swift in Sources */,
				B1069125260876EE0081B8DD /* EmptyGetRequest.swift in Sources */,
				B1069113260872590081B8DD /* PageView.swift in Sources */,
				B1069121260876300081B8DD /* MainPageBinnerViewModel.swift in Sources */,
				B166C788257CA283005CF10C /* NewsListRequest.swift in Sources */,
				B1069119260874920081B8DD /* BannerView.swift in Sources */,
				B166C760257C9B66005CF10C /* NewsListResponse.swift in Sources */,
				B166C73A257C9856005CF10C /* RestfulModel.swift in Sources */,
			);
			runOnlyForDeploymentPostprocessing = 0;
		};
		B166C718257C96B9005CF10C /* Sources */ = {
			isa = PBXSourcesBuildPhase;
			buildActionMask = 2147483647;
			files = (
				B166C745257C98CC005CF10C /* BaseNetworkRequestProtocol.swift in Sources */,
				B166C74B257C9911005CF10C /* CacheableData.swift in Sources */,
				B166C734257C9746005CF10C /* RestfulAPI.swift in Sources */,
				B166C777257C9D4C005CF10C /* HomePageList.swift in Sources */,
				B166C75B257C9A91005CF10C /* HomePageCardView.swift in Sources */,
				B166C723257C96B9005CF10C /* ContentView.swift in Sources */,
				B166C772257C9D33005CF10C /* HomePageContent.swift in Sources */,
				B166C721257C96B9005CF10C /* heritage_online_SwiftUIApp.swift in Sources */,
				B166C740257C988E005CF10C /* NetworkRequestTask.swift in Sources */,
				B166C783257CA112005CF10C /* NewsListViewModel.swift in Sources */,
				B166C789257CA283005CF10C /* NewsListRequest.swift in Sources */,
				B166C761257C9B66005CF10C /* NewsListResponse.swift in Sources */,
				B166C73B257C9856005CF10C /* RestfulModel.swift in Sources */,
			);
			runOnlyForDeploymentPostprocessing = 0;
		};
/* End PBXSourcesBuildPhase section */

/* Begin XCBuildConfiguration section */
		B166C726257C96B9005CF10C /* Debug */ = {
			isa = XCBuildConfiguration;
			buildSettings = {
				ALWAYS_SEARCH_USER_PATHS = NO;
				CLANG_ANALYZER_NONNULL = YES;
				CLANG_ANALYZER_NUMBER_OBJECT_CONVERSION = YES_AGGRESSIVE;
				CLANG_CXX_LANGUAGE_STANDARD = "gnu++14";
				CLANG_CXX_LIBRARY = "libc++";
				CLANG_ENABLE_MODULES = YES;
				CLANG_ENABLE_OBJC_ARC = YES;
				CLANG_ENABLE_OBJC_WEAK = YES;
				CLANG_WARN_BLOCK_CAPTURE_AUTORELEASING = YES;
				CLANG_WARN_BOOL_CONVERSION = YES;
				CLANG_WARN_COMMA = YES;
				CLANG_WARN_CONSTANT_CONVERSION = YES;
				CLANG_WARN_DEPRECATED_OBJC_IMPLEMENTATIONS = YES;
				CLANG_WARN_DIRECT_OBJC_ISA_USAGE = YES_ERROR;
				CLANG_WARN_DOCUMENTATION_COMMENTS = YES;
				CLANG_WARN_EMPTY_BODY = YES;
				CLANG_WARN_ENUM_CONVERSION = YES;
				CLANG_WARN_INFINITE_RECURSION = YES;
				CLANG_WARN_INT_CONVERSION = YES;
				CLANG_WARN_NON_LITERAL_NULL_CONVERSION = YES;
				CLANG_WARN_OBJC_IMPLICIT_RETAIN_SELF = YES;
				CLANG_WARN_OBJC_LITERAL_CONVERSION = YES;
				CLANG_WARN_OBJC_ROOT_CLASS = YES_ERROR;
				CLANG_WARN_QUOTED_INCLUDE_IN_FRAMEWORK_HEADER = YES;
				CLANG_WARN_RANGE_LOOP_ANALYSIS = YES;
				CLANG_WARN_STRICT_PROTOTYPES = YES;
				CLANG_WARN_SUSPICIOUS_MOVE = YES;
				CLANG_WARN_UNGUARDED_AVAILABILITY = YES_AGGRESSIVE;
				CLANG_WARN_UNREACHABLE_CODE = YES;
				CLANG_WARN__DUPLICATE_METHOD_MATCH = YES;
				COPY_PHASE_STRIP = NO;
				DEBUG_INFORMATION_FORMAT = dwarf;
				ENABLE_STRICT_OBJC_MSGSEND = YES;
				ENABLE_TESTABILITY = YES;
				GCC_C_LANGUAGE_STANDARD = gnu11;
				GCC_DYNAMIC_NO_PIC = NO;
				GCC_NO_COMMON_BLOCKS = YES;
				GCC_OPTIMIZATION_LEVEL = 0;
				GCC_PREPROCESSOR_DEFINITIONS = (
					"DEBUG=1",
					"$(inherited)",
				);
				GCC_WARN_64_TO_32_BIT_CONVERSION = YES;
				GCC_WARN_ABOUT_RETURN_TYPE = YES_ERROR;
				GCC_WARN_UNDECLARED_SELECTOR = YES;
				GCC_WARN_UNINITIALIZED_AUTOS = YES_AGGRESSIVE;
				GCC_WARN_UNUSED_FUNCTION = YES;
				GCC_WARN_UNUSED_VARIABLE = YES;
				MTL_ENABLE_DEBUG_INFO = INCLUDE_SOURCE;
				MTL_FAST_MATH = YES;
				ONLY_ACTIVE_ARCH = YES;
				SWIFT_ACTIVE_COMPILATION_CONDITIONS = DEBUG;
				SWIFT_OPTIMIZATION_LEVEL = "-Onone";
			};
			name = Debug;
		};
		B166C727257C96B9005CF10C /* Release */ = {
			isa = XCBuildConfiguration;
			buildSettings = {
				ALWAYS_SEARCH_USER_PATHS = NO;
				CLANG_ANALYZER_NONNULL = YES;
				CLANG_ANALYZER_NUMBER_OBJECT_CONVERSION = YES_AGGRESSIVE;
				CLANG_CXX_LANGUAGE_STANDARD = "gnu++14";
				CLANG_CXX_LIBRARY = "libc++";
				CLANG_ENABLE_MODULES = YES;
				CLANG_ENABLE_OBJC_ARC = YES;
				CLANG_ENABLE_OBJC_WEAK = YES;
				CLANG_WARN_BLOCK_CAPTURE_AUTORELEASING = YES;
				CLANG_WARN_BOOL_CONVERSION = YES;
				CLANG_WARN_COMMA = YES;
				CLANG_WARN_CONSTANT_CONVERSION = YES;
				CLANG_WARN_DEPRECATED_OBJC_IMPLEMENTATIONS = YES;
				CLANG_WARN_DIRECT_OBJC_ISA_USAGE = YES_ERROR;
				CLANG_WARN_DOCUMENTATION_COMMENTS = YES;
				CLANG_WARN_EMPTY_BODY = YES;
				CLANG_WARN_ENUM_CONVERSION = YES;
				CLANG_WARN_INFINITE_RECURSION = YES;
				CLANG_WARN_INT_CONVERSION = YES;
				CLANG_WARN_NON_LITERAL_NULL_CONVERSION = YES;
				CLANG_WARN_OBJC_IMPLICIT_RETAIN_SELF = YES;
				CLANG_WARN_OBJC_LITERAL_CONVERSION = YES;
				CLANG_WARN_OBJC_ROOT_CLASS = YES_ERROR;
				CLANG_WARN_QUOTED_INCLUDE_IN_FRAMEWORK_HEADER = YES;
				CLANG_WARN_RANGE_LOOP_ANALYSIS = YES;
				CLANG_WARN_STRICT_PROTOTYPES = YES;
				CLANG_WARN_SUSPICIOUS_MOVE = YES;
				CLANG_WARN_UNGUARDED_AVAILABILITY = YES_AGGRESSIVE;
				CLANG_WARN_UNREACHABLE_CODE = YES;
				CLANG_WARN__DUPLICATE_METHOD_MATCH = YES;
				COPY_PHASE_STRIP = NO;
				DEBUG_INFORMATION_FORMAT = "dwarf-with-dsym";
				ENABLE_NS_ASSERTIONS = NO;
				ENABLE_STRICT_OBJC_MSGSEND = YES;
				GCC_C_LANGUAGE_STANDARD = gnu11;
				GCC_NO_COMMON_BLOCKS = YES;
				GCC_WARN_64_TO_32_BIT_CONVERSION = YES;
				GCC_WARN_ABOUT_RETURN_TYPE = YES_ERROR;
				GCC_WARN_UNDECLARED_SELECTOR = YES;
				GCC_WARN_UNINITIALIZED_AUTOS = YES_AGGRESSIVE;
				GCC_WARN_UNUSED_FUNCTION = YES;
				GCC_WARN_UNUSED_VARIABLE = YES;
				MTL_ENABLE_DEBUG_INFO = NO;
				MTL_FAST_MATH = YES;
				SWIFT_COMPILATION_MODE = wholemodule;
				SWIFT_OPTIMIZATION_LEVEL = "-O";
			};
			name = Release;
		};
		B166C729257C96B9005CF10C /* Debug */ = {
			isa = XCBuildConfiguration;
			buildSettings = {
				ASSETCATALOG_COMPILER_APPICON_NAME = AppIcon;
				ASSETCATALOG_COMPILER_GLOBAL_ACCENT_COLOR_NAME = AccentColor;
				CODE_SIGN_STYLE = Automatic;
				DEVELOPMENT_TEAM = WDTFCKHQNA;
				ENABLE_PREVIEWS = YES;
				INFOPLIST_FILE = iOS/Info.plist;
				IPHONEOS_DEPLOYMENT_TARGET = 14.0;
				LD_RUNPATH_SEARCH_PATHS = (
					"$(inherited)",
					"@executable_path/Frameworks",
				);
				PRODUCT_BUNDLE_IDENTIFIER = "com.datong.heritage-online-SwiftUI";
				PRODUCT_NAME = "heritage-online-SwiftUI";
				SDKROOT = iphoneos;
				SWIFT_VERSION = 5.0;
				TARGETED_DEVICE_FAMILY = "1,2";
			};
			name = Debug;
		};
		B166C72A257C96B9005CF10C /* Release */ = {
			isa = XCBuildConfiguration;
			buildSettings = {
				ASSETCATALOG_COMPILER_APPICON_NAME = AppIcon;
				ASSETCATALOG_COMPILER_GLOBAL_ACCENT_COLOR_NAME = AccentColor;
				CODE_SIGN_STYLE = Automatic;
				DEVELOPMENT_TEAM = WDTFCKHQNA;
				ENABLE_PREVIEWS = YES;
				INFOPLIST_FILE = iOS/Info.plist;
				IPHONEOS_DEPLOYMENT_TARGET = 14.0;
				LD_RUNPATH_SEARCH_PATHS = (
					"$(inherited)",
					"@executable_path/Frameworks",
				);
				PRODUCT_BUNDLE_IDENTIFIER = "com.datong.heritage-online-SwiftUI";
				PRODUCT_NAME = "heritage-online-SwiftUI";
				SDKROOT = iphoneos;
				SWIFT_VERSION = 5.0;
				TARGETED_DEVICE_FAMILY = "1,2";
				VALIDATE_PRODUCT = YES;
			};
			name = Release;
		};
		B166C72C257C96B9005CF10C /* Debug */ = {
			isa = XCBuildConfiguration;
			buildSettings = {
				ASSETCATALOG_COMPILER_APPICON_NAME = AppIcon;
				ASSETCATALOG_COMPILER_GLOBAL_ACCENT_COLOR_NAME = AccentColor;
				CODE_SIGN_ENTITLEMENTS = macOS/macOS.entitlements;
				CODE_SIGN_STYLE = Automatic;
				COMBINE_HIDPI_IMAGES = YES;
				DEVELOPMENT_TEAM = WDTFCKHQNA;
				ENABLE_HARDENED_RUNTIME = YES;
				ENABLE_PREVIEWS = YES;
				INFOPLIST_FILE = macOS/Info.plist;
				LD_RUNPATH_SEARCH_PATHS = (
					"$(inherited)",
					"@executable_path/../Frameworks",
				);
				MACOSX_DEPLOYMENT_TARGET = 11.0;
				PRODUCT_BUNDLE_IDENTIFIER = "com.datong.heritage-online-SwiftUI";
				PRODUCT_NAME = "heritage-online-SwiftUI";
				SDKROOT = macosx;
				SWIFT_VERSION = 5.0;
			};
			name = Debug;
		};
		B166C72D257C96B9005CF10C /* Release */ = {
			isa = XCBuildConfiguration;
			buildSettings = {
				ASSETCATALOG_COMPILER_APPICON_NAME = AppIcon;
				ASSETCATALOG_COMPILER_GLOBAL_ACCENT_COLOR_NAME = AccentColor;
				CODE_SIGN_ENTITLEMENTS = macOS/macOS.entitlements;
				CODE_SIGN_STYLE = Automatic;
				COMBINE_HIDPI_IMAGES = YES;
				DEVELOPMENT_TEAM = WDTFCKHQNA;
				ENABLE_HARDENED_RUNTIME = YES;
				ENABLE_PREVIEWS = YES;
				INFOPLIST_FILE = macOS/Info.plist;
				LD_RUNPATH_SEARCH_PATHS = (
					"$(inherited)",
					"@executable_path/../Frameworks",
				);
				MACOSX_DEPLOYMENT_TARGET = 11.0;
				PRODUCT_BUNDLE_IDENTIFIER = "com.datong.heritage-online-SwiftUI";
				PRODUCT_NAME = "heritage-online-SwiftUI";
				SDKROOT = macosx;
				SWIFT_VERSION = 5.0;
			};
			name = Release;
		};
/* End XCBuildConfiguration section */

/* Begin XCConfigurationList section */
		B166C70B257C96B7005CF10C /* Build configuration list for PBXProject "heritage-online-SwiftUI" */ = {
			isa = XCConfigurationList;
			buildConfigurations = (
				B166C726257C96B9005CF10C /* Debug */,
				B166C727257C96B9005CF10C /* Release */,
			);
			defaultConfigurationIsVisible = 0;
			defaultConfigurationName = Release;
		};
		B166C728257C96B9005CF10C /* Build configuration list for PBXNativeTarget "heritage-online-SwiftUI (iOS)" */ = {
			isa = XCConfigurationList;
			buildConfigurations = (
				B166C729257C96B9005CF10C /* Debug */,
				B166C72A257C96B9005CF10C /* Release */,
			);
			defaultConfigurationIsVisible = 0;
			defaultConfigurationName = Release;
		};
		B166C72B257C96B9005CF10C /* Build configuration list for PBXNativeTarget "heritage-online-SwiftUI (macOS)" */ = {
			isa = XCConfigurationList;
			buildConfigurations = (
				B166C72C257C96B9005CF10C /* Debug */,
				B166C72D257C96B9005CF10C /* Release */,
			);
			defaultConfigurationIsVisible = 0;
			defaultConfigurationName = Release;
		};
/* End XCConfigurationList section */
	};
	rootObject = B166C708257C96B7005CF10C /* Project object */;
}
